// !$*UTF8*$!
{
	archiveVersion = 1;
	classes = {
	};
	objectVersion = 77;
	objects = {

/* Begin PBXBuildFile section */
		20456E373A4E71001B5C0F17 /* AIPrioritizer.swift in Sources */ = {isa = PBXBuildFile; fileRef = 6896CB97327E2A13640EAEDF /* AIPrioritizer.swift */; };
		2349E4863388B5B5018F4E1E /* HomeView.swift in Sources */ = {isa = PBXBuildFile; fileRef = BC2AC825A1025259F56C5FB6 /* HomeView.swift */; };
		343FBFFD3B9F19578711BB26 /* RemindSortApp.swift in Sources */ = {isa = PBXBuildFile; fileRef = 2BF2C2A453EE4B7DF65B8EDF /* RemindSortApp.swift */; };
		3912175A99CD63A5C44BD07E /* PreferenceLog.swift in Sources */ = {isa = PBXBuildFile; fileRef = 54523F734F5DAE495A2AEDE1 /* PreferenceLog.swift */; };
		3F0ACFD9105BCE242456E694 /* SettingsView.swift in Sources */ = {isa = PBXBuildFile; fileRef = 03CC70D80E0CDD7A45B0D1F3 /* SettingsView.swift */; };
		427BB1213357F88F27C7E321 /* ReminderItem.swift in Sources */ = {isa = PBXBuildFile; fileRef = BDB48F9E98C5AF059DC08054 /* ReminderItem.swift */; };
		4E133E60C6FA745BBA7F60D5 /* UrgencyScorer.swift in Sources */ = {isa = PBXBuildFile; fileRef = E941369081AEE0A7C08167CC /* UrgencyScorer.swift */; };
		6850B588D3511C4DBF6415F0 /* TopOrderCache.swift in Sources */ = {isa = PBXBuildFile; fileRef = 730D1F50E086E268E6AC8663 /* TopOrderCache.swift */; };
		70C884D0DF046D081324983A /* ReminderRow.swift in Sources */ = {isa = PBXBuildFile; fileRef = AE72898269986D8CD2E5C7C9 /* ReminderRow.swift */; };
		73685455FCFC9FFE7059C90F /* RankedOrder.swift in Sources */ = {isa = PBXBuildFile; fileRef = 3ED1814F58B460983EA9A881 /* RankedOrder.swift */; };
		82FA55354DAAF4368D466956 /* FaceOffLog.swift in Sources */ = {isa = PBXBuildFile; fileRef = 1A0F3034384A39DDFF130CE9 /* FaceOffLog.swift */; };
		859BB0D41D1CA663D4C3DB6B /* RemindersService.swift in Sources */ = {isa = PBXBuildFile; fileRef = FBE835624A58FF79F1FF89D6 /* RemindersService.swift */; };
		8E99EB4377D8E9046778DDA7 /* ReminderListView.swift in Sources */ = {isa = PBXBuildFile; fileRef = 74FE46BC2EF8E59FD9216744 /* ReminderListView.swift */; };
		922B6EAF099A0A44FABB878B /* TrainingLog.swift in Sources */ = {isa = PBXBuildFile; fileRef = D57EB3184F28D661AE0AFCF3 /* TrainingLog.swift */; };
		92A559819D937FFC5EA4EF45 /* ImportanceCache.swift in Sources */ = {isa = PBXBuildFile; fileRef = C1BEC5C07A2F789A8A1A3105 /* ImportanceCache.swift */; };
		A39735EB556A4C23B73623F2 /* RemindersViewModel.swift in Sources */ = {isa = PBXBuildFile; fileRef = 32217E9306FC777232CE7EB7 /* RemindersViewModel.swift */; };
		A6D4B62DAE80FF7A0D815098 /* Assets.xcassets in Resources */ = {isa = PBXBuildFile; fileRef = D34B3E7DCE3320A85AFFACC9 /* Assets.xcassets */; };
		BF4278D047AE9FD0888F34E0 /* ImportanceTiers.swift in Sources */ = {isa = PBXBuildFile; fileRef = A0123E177CFFFCE1130A32D2 /* ImportanceTiers.swift */; };
		CA0E793F3AB0096A139C795B /* FaceOffView.swift in Sources */ = {isa = PBXBuildFile; fileRef = E2D321E79A8F85814C1C25B0 /* FaceOffView.swift */; };
		D742E91E0F579172BEC33B24 /* SnoozeUnit.swift in Sources */ = {isa = PBXBuildFile; fileRef = 364CBDDDBFFCD6F1D2725F4F /* SnoozeUnit.swift */; };
		DED8F450A60CEE02F088507B /* AppSettings.swift in Sources */ = {isa = PBXBuildFile; fileRef = D219DBA32D4EF28302AF8712 /* AppSettings.swift */; };
		E683580AD8B500BA4962C1A6 /* ContentView.swift in Sources */ = {isa = PBXBuildFile; fileRef = 225BCCE2814045CDF478F095 /* ContentView.swift */; };
/* End PBXBuildFile section */

/* Begin PBXFileReference section */
		03CC70D80E0CDD7A45B0D1F3 /* SettingsView.swift */ = {isa = PBXFileReference; lastKnownFileType = sourcecode.swift; path = SettingsView.swift; sourceTree = "<group>"; };
		1A0F3034384A39DDFF130CE9 /* FaceOffLog.swift */ = {isa = PBXFileReference; lastKnownFileType = sourcecode.swift; path = FaceOffLog.swift; sourceTree = "<group>"; };
		225BCCE2814045CDF478F095 /* ContentView.swift */ = {isa = PBXFileReference; lastKnownFileType = sourcecode.swift; path = ContentView.swift; sourceTree = "<group>"; };
		2BF2C2A453EE4B7DF65B8EDF /* RemindSortApp.swift */ = {isa = PBXFileReference; lastKnownFileType = sourcecode.swift; path = RemindSortApp.swift; sourceTree = "<group>"; };
		32217E9306FC777232CE7EB7 /* RemindersViewModel.swift */ = {isa = PBXFileReference; lastKnownFileType = sourcecode.swift; path = RemindersViewModel.swift; sourceTree = "<group>"; };
		364CBDDDBFFCD6F1D2725F4F /* SnoozeUnit.swift */ = {isa = PBXFileReference; lastKnownFileType = sourcecode.swift; path = SnoozeUnit.swift; sourceTree = "<group>"; };
		3ED1814F58B460983EA9A881 /* RankedOrder.swift */ = {isa = PBXFileReference; lastKnownFileType = sourcecode.swift; path = RankedOrder.swift; sourceTree = "<group>"; };
		54523F734F5DAE495A2AEDE1 /* PreferenceLog.swift */ = {isa = PBXFileReference; lastKnownFileType = sourcecode.swift; path = PreferenceLog.swift; sourceTree = "<group>"; };
		6896CB97327E2A13640EAEDF /* AIPrioritizer.swift */ = {isa = PBXFileReference; lastKnownFileType = sourcecode.swift; path = AIPrioritizer.swift; sourceTree = "<group>"; };
		730D1F50E086E268E6AC8663 /* TopOrderCache.swift */ = {isa = PBXFileReference; lastKnownFileType = sourcecode.swift; path = TopOrderCache.swift; sourceTree = "<group>"; };
		74FE46BC2EF8E59FD9216744 /* ReminderListView.swift */ = {isa = PBXFileReference; lastKnownFileType = sourcecode.swift; path = ReminderListView.swift; sourceTree = "<group>"; };
		8CE3597385661620001A2876 /* RemindSort.app */ = {isa = PBXFileReference; includeInIndex = 0; lastKnownFileType = wrapper.application; path = RemindSort.app; sourceTree = BUILT_PRODUCTS_DIR; };
		A0123E177CFFFCE1130A32D2 /* ImportanceTiers.swift */ = {isa = PBXFileReference; lastKnownFileType = sourcecode.swift; path = ImportanceTiers.swift; sourceTree = "<group>"; };
		AE72898269986D8CD2E5C7C9 /* ReminderRow.swift */ = {isa = PBXFileReference; lastKnownFileType = sourcecode.swift; path = ReminderRow.swift; sourceTree = "<group>"; };
		BC2AC825A1025259F56C5FB6 /* HomeView.swift */ = {isa = PBXFileReference; lastKnownFileType = sourcecode.swift; path = HomeView.swift; sourceTree = "<group>"; };
		BDB48F9E98C5AF059DC08054 /* ReminderItem.swift */ = {isa = PBXFileReference; lastKnownFileType = sourcecode.swift; path = ReminderItem.swift; sourceTree = "<group>"; };
		C1BEC5C07A2F789A8A1A3105 /* ImportanceCache.swift */ = {isa = PBXFileReference; lastKnownFileType = sourcecode.swift; path = ImportanceCache.swift; sourceTree = "<group>"; };
		D219DBA32D4EF28302AF8712 /* AppSettings.swift */ = {isa = PBXFileReference; lastKnownFileType = sourcecode.swift; path = AppSettings.swift; sourceTree = "<group>"; };
		D34B3E7DCE3320A85AFFACC9 /* Assets.xcassets */ = {isa = PBXFileReference; lastKnownFileType = folder.assetcatalog; path = Assets.xcassets; sourceTree = "<group>"; };
		D57EB3184F28D661AE0AFCF3 /* TrainingLog.swift */ = {isa = PBXFileReference; lastKnownFileType = sourcecode.swift; path = TrainingLog.swift; sourceTree = "<group>"; };
		E2D321E79A8F85814C1C25B0 /* FaceOffView.swift */ = {isa = PBXFileReference; lastKnownFileType = sourcecode.swift; path = FaceOffView.swift; sourceTree = "<group>"; };
		E941369081AEE0A7C08167CC /* UrgencyScorer.swift */ = {isa = PBXFileReference; lastKnownFileType = sourcecode.swift; path = UrgencyScorer.swift; sourceTree = "<group>"; };
		FBE835624A58FF79F1FF89D6 /* RemindersService.swift */ = {isa = PBXFileReference; lastKnownFileType = sourcecode.swift; path = RemindersService.swift; sourceTree = "<group>"; };
/* End PBXFileReference section */

/* Begin PBXGroup section */
		06DA101B34A17263EBCA954C /* RemindSort */ = {
			isa = PBXGroup;
			children = (
				D34B3E7DCE3320A85AFFACC9 /* Assets.xcassets */,
				2B752ED6CBB0E3A230969BC1 /* App */,
				1F3E4E9E04F99899F2194A7E /* Views */,
			);
			path = RemindSort;
			sourceTree = "<group>";
		};
		10C4593FF8789BEC9A7F8400 /* Shared */ = {
			isa = PBXGroup;
			children = (
				E5648EE97454F463B8558D30 /* Models */,
				6FFA804F413866E0CAC7CEA3 /* Services */,
				9A4C3835631368706BDF676E /* ViewModels */,
				85DE0EA9770D8F5BB530B177 /* Views */,
			);
			path = Shared;
			sourceTree = "<group>";
		};
		1F3E4E9E04F99899F2194A7E /* Views */ = {
			isa = PBXGroup;
			children = (
				225BCCE2814045CDF478F095 /* ContentView.swift */,
				BC2AC825A1025259F56C5FB6 /* HomeView.swift */,
				03CC70D80E0CDD7A45B0D1F3 /* SettingsView.swift */,
			);
			path = Views;
			sourceTree = "<group>";
		};
		2B752ED6CBB0E3A230969BC1 /* App */ = {
			isa = PBXGroup;
			children = (
				2BF2C2A453EE4B7DF65B8EDF /* RemindSortApp.swift */,
			);
			path = App;
			sourceTree = "<group>";
		};
		6FFA804F413866E0CAC7CEA3 /* Services */ = {
			isa = PBXGroup;
			children = (
				6896CB97327E2A13640EAEDF /* AIPrioritizer.swift */,
				1A0F3034384A39DDFF130CE9 /* FaceOffLog.swift */,
				C1BEC5C07A2F789A8A1A3105 /* ImportanceCache.swift */,
				54523F734F5DAE495A2AEDE1 /* PreferenceLog.swift */,
				FBE835624A58FF79F1FF89D6 /* RemindersService.swift */,
				730D1F50E086E268E6AC8663 /* TopOrderCache.swift */,
				D57EB3184F28D661AE0AFCF3 /* TrainingLog.swift */,
				E941369081AEE0A7C08167CC /* UrgencyScorer.swift */,
			);
			path = Services;
			sourceTree = "<group>";
		};
		7DDCAEF7D59EEEA4FD02005A = {
			isa = PBXGroup;
			children = (
				DCE9A7C641223A10A0E59958 /* remind_sort */,
				06DA101B34A17263EBCA954C /* RemindSort */,
				B31DB7576AFD4CE0A8D0DF8E /* Products */,
			);
			sourceTree = "<group>";
		};
		85DE0EA9770D8F5BB530B177 /* Views */ = {
			isa = PBXGroup;
			children = (
				E2D321E79A8F85814C1C25B0 /* FaceOffView.swift */,
				74FE46BC2EF8E59FD9216744 /* ReminderListView.swift */,
				AE72898269986D8CD2E5C7C9 /* ReminderRow.swift */,
			);
			path = Views;
			sourceTree = "<group>";
		};
		9A4C3835631368706BDF676E /* ViewModels */ = {
			isa = PBXGroup;
			children = (
				D219DBA32D4EF28302AF8712 /* AppSettings.swift */,
				32217E9306FC777232CE7EB7 /* RemindersViewModel.swift */,
			);
			path = ViewModels;
			sourceTree = "<group>";
		};
		B31DB7576AFD4CE0A8D0DF8E /* Products */ = {
			isa = PBXGroup;
			children = (
				8CE3597385661620001A2876 /* RemindSort.app */,
			);
			name = Products;
			sourceTree = "<group>";
		};
		DCE9A7C641223A10A0E59958 /* remind_sort */ = {
			isa = PBXGroup;
			children = (
				10C4593FF8789BEC9A7F8400 /* Shared */,
			);
			name = remind_sort;
			path = ..;
			sourceTree = "<group>";
		};
		E5648EE97454F463B8558D30 /* Models */ = {
			isa = PBXGroup;
			children = (
				A0123E177CFFFCE1130A32D2 /* ImportanceTiers.swift */,
				3ED1814F58B460983EA9A881 /* RankedOrder.swift */,
				BDB48F9E98C5AF059DC08054 /* ReminderItem.swift */,
				364CBDDDBFFCD6F1D2725F4F /* SnoozeUnit.swift */,
			);
			path = Models;
			sourceTree = "<group>";
		};
/* End PBXGroup section */

/* Begin PBXNativeTarget section */
		45D02032CE6B69A9652D1277 /* RemindSort */ = {
			isa = PBXNativeTarget;
			buildConfigurationList = 7D7912CF5061C3B5144D29E2 /* Build configuration list for PBXNativeTarget "RemindSort" */;
			buildPhases = (
				E0B591A0E578A71A7B631317 /* Sources */,
				2215D09244677C816701FDFC /* Resources */,
			);
			buildRules = (
			);
			dependencies = (
			);
			name = RemindSort;
			packageProductDependencies = (
			);
			productName = RemindSort;
			productReference = 8CE3597385661620001A2876 /* RemindSort.app */;
			productType = "com.apple.product-type.application";
		};
/* End PBXNativeTarget section */

/* Begin PBXProject section */
		1C4EEA44924A32825745D364 /* Project object */ = {
			isa = PBXProject;
			attributes = {
				BuildIndependentTargetsInParallel = YES;
				LastUpgradeCheck = 1430;
				TargetAttributes = {
					45D02032CE6B69A9652D1277 = {
						ProvisioningStyle = Automatic;
					};
				};
			};
			buildConfigurationList = F486EBA37C33CAE01FEF3EBB /* Build configuration list for PBXProject "RemindSort" */;
			developmentRegion = en;
			hasScannedForEncodings = 0;
			knownRegions = (
				Base,
				en,
			);
			mainGroup = 7DDCAEF7D59EEEA4FD02005A;
			minimizedProjectReferenceProxies = 1;
			preferredProjectObjectVersion = 77;
			productRefGroup = B31DB7576AFD4CE0A8D0DF8E /* Products */;
			projectDirPath = "";
			projectRoot = "";
			targets = (
				45D02032CE6B69A9652D1277 /* RemindSort */,
			);
		};
/* End PBXProject section */

/* Begin PBXResourcesBuildPhase section */
		2215D09244677C816701FDFC /* Resources */ = {
			isa = PBXResourcesBuildPhase;
			buildActionMask = 2147483647;
			files = (
				A6D4B62DAE80FF7A0D815098 /* Assets.xcassets in Resources */,
			);
			runOnlyForDeploymentPostprocessing = 0;
		};
/* End PBXResourcesBuildPhase section */

/* Begin PBXSourcesBuildPhase section */
		E0B591A0E578A71A7B631317 /* Sources */ = {
			isa = PBXSourcesBuildPhase;
			buildActionMask = 2147483647;
			files = (
				20456E373A4E71001B5C0F17 /* AIPrioritizer.swift in Sources */,
				DED8F450A60CEE02F088507B /* AppSettings.swift in Sources */,
				E683580AD8B500BA4962C1A6 /* ContentView.swift in Sources */,
				82FA55354DAAF4368D466956 /* FaceOffLog.swift in Sources */,
				CA0E793F3AB0096A139C795B /* FaceOffView.swift in Sources */,
				2349E4863388B5B5018F4E1E /* HomeView.swift in Sources */,
				92A559819D937FFC5EA4EF45 /* ImportanceCache.swift in Sources */,
				BF4278D047AE9FD0888F34E0 /* ImportanceTiers.swift in Sources */,
				3912175A99CD63A5C44BD07E /* PreferenceLog.swift in Sources */,
				73685455FCFC9FFE7059C90F /* RankedOrder.swift in Sources */,
				343FBFFD3B9F19578711BB26 /* RemindSortApp.swift in Sources */,
				427BB1213357F88F27C7E321 /* ReminderItem.swift in Sources */,
				8E99EB4377D8E9046778DDA7 /* ReminderListView.swift in Sources */,
				70C884D0DF046D081324983A /* ReminderRow.swift in Sources */,
				859BB0D41D1CA663D4C3DB6B /* RemindersService.swift in Sources */,
				A39735EB556A4C23B73623F2 /* RemindersViewModel.swift in Sources */,
				3F0ACFD9105BCE242456E694 /* SettingsView.swift in Sources */,
				D742E91E0F579172BEC33B24 /* SnoozeUnit.swift in Sources */,
				6850B588D3511C4DBF6415F0 /* TopOrderCache.swift in Sources */,
				922B6EAF099A0A44FABB878B /* TrainingLog.swift in Sources */,
				4E133E60C6FA745BBA7F60D5 /* UrgencyScorer.swift in Sources */,
			);
			runOnlyForDeploymentPostprocessing = 0;
		};
/* End PBXSourcesBuildPhase section */

/* Begin XCBuildConfiguration section */
		019BAC393570F101F3169835 /* Debug */ = {
			isa = XCBuildConfiguration;
			buildSettings = {
				ALWAYS_SEARCH_USER_PATHS = NO;
				CLANG_ANALYZER_NONNULL = YES;
				CLANG_ANALYZER_NUMBER_OBJECT_CONVERSION = YES_AGGRESSIVE;
				CLANG_CXX_LANGUAGE_STANDARD = "gnu++14";
				CLANG_CXX_LIBRARY = "libc++";
				CLANG_ENABLE_MODULES = YES;
				CLANG_ENABLE_OBJC_ARC = YES;
				CLANG_ENABLE_OBJC_WEAK = YES;
				CLANG_WARN_BLOCK_CAPTURE_AUTORELEASING = YES;
				CLANG_WARN_BOOL_CONVERSION = YES;
				CLANG_WARN_COMMA = YES;
				CLANG_WARN_CONSTANT_CONVERSION = YES;
				CLANG_WARN_DEPRECATED_OBJC_IMPLEMENTATIONS = YES;
				CLANG_WARN_DIRECT_OBJC_ISA_USAGE = YES_ERROR;
				CLANG_WARN_DOCUMENTATION_COMMENTS = YES;
				CLANG_WARN_EMPTY_BODY = YES;
				CLANG_WARN_ENUM_CONVERSION = YES;
				CLANG_WARN_INFINITE_RECURSION = YES;
				CLANG_WARN_INT_CONVERSION = YES;
				CLANG_WARN_NON_LITERAL_NULL_CONVERSION = YES;
				CLANG_WARN_OBJC_IMPLICIT_RETAIN_SELF = YES;
				CLANG_WARN_OBJC_LITERAL_CONVERSION = YES;
				CLANG_WARN_OBJC_ROOT_CLASS = YES_ERROR;
				CLANG_WARN_QUOTED_INCLUDE_IN_FRAMEWORK_HEADER = YES;
				CLANG_WARN_RANGE_LOOP_ANALYSIS = YES;
				CLANG_WARN_STRICT_PROTOTYPES = YES;
				CLANG_WARN_SUSPICIOUS_MOVE = YES;
				CLANG_WARN_UNGUARDED_AVAILABILITY = YES_AGGRESSIVE;
				CLANG_WARN_UNREACHABLE_CODE = YES;
				CLANG_WARN__DUPLICATE_METHOD_MATCH = YES;
				COPY_PHASE_STRIP = NO;
				DEBUG_INFORMATION_FORMAT = dwarf;
				ENABLE_STRICT_OBJC_MSGSEND = YES;
				ENABLE_TESTABILITY = YES;
				GCC_C_LANGUAGE_STANDARD = gnu11;
				GCC_DYNAMIC_NO_PIC = NO;
				GCC_NO_COMMON_BLOCKS = YES;
				GCC_OPTIMIZATION_LEVEL = 0;
				GCC_PREPROCESSOR_DEFINITIONS = (
					"$(inherited)",
					"DEBUG=1",
				);
				GCC_WARN_64_TO_32_BIT_CONVERSION = YES;
				GCC_WARN_ABOUT_RETURN_TYPE = YES_ERROR;
				GCC_WARN_UNDECLARED_SELECTOR = YES;
				GCC_WARN_UNINITIALIZED_AUTOS = YES_AGGRESSIVE;
				GCC_WARN_UNUSED_FUNCTION = YES;
				GCC_WARN_UNUSED_VARIABLE = YES;
				IPHONEOS_DEPLOYMENT_TARGET = 26.0;
				MTL_ENABLE_DEBUG_INFO = INCLUDE_SOURCE;
				MTL_FAST_MATH = YES;
				ONLY_ACTIVE_ARCH = YES;
				PRODUCT_NAME = "$(TARGET_NAME)";
				SDKROOT = iphoneos;
				SWIFT_ACTIVE_COMPILATION_CONDITIONS = DEBUG;
				SWIFT_OPTIMIZATION_LEVEL = "-Onone";
				SWIFT_VERSION = 5.0;
			};
			name = Debug;
		};
		0AF5A85D296C04A85F207843 /* Release */ = {
			isa = XCBuildConfiguration;
			buildSettings = {
				ALWAYS_SEARCH_USER_PATHS = NO;
				CLANG_ANALYZER_NONNULL = YES;
				CLANG_ANALYZER_NUMBER_OBJECT_CONVERSION = YES_AGGRESSIVE;
				CLANG_CXX_LANGUAGE_STANDARD = "gnu++14";
				CLANG_CXX_LIBRARY = "libc++";
				CLANG_ENABLE_MODULES = YES;
				CLANG_ENABLE_OBJC_ARC = YES;
				CLANG_ENABLE_OBJC_WEAK = YES;
				CLANG_WARN_BLOCK_CAPTURE_AUTORELEASING = YES;
				CLANG_WARN_BOOL_CONVERSION = YES;
				CLANG_WARN_COMMA = YES;
				CLANG_WARN_CONSTANT_CONVERSION = YES;
				CLANG_WARN_DEPRECATED_OBJC_IMPLEMENTATIONS = YES;
				CLANG_WARN_DIRECT_OBJC_ISA_USAGE = YES_ERROR;
				CLANG_WARN_DOCUMENTATION_COMMENTS = YES;
				CLANG_WARN_EMPTY_BODY = YES;
				CLANG_WARN_ENUM_CONVERSION = YES;
				CLANG_WARN_INFINITE_RECURSION = YES;
				CLANG_WARN_INT_CONVERSION = YES;
				CLANG_WARN_NON_LITERAL_NULL_CONVERSION = YES;
				CLANG_WARN_OBJC_IMPLICIT_RETAIN_SELF = YES;
				CLANG_WARN_OBJC_LITERAL_CONVERSION = YES;
				CLANG_WARN_OBJC_ROOT_CLASS = YES_ERROR;
				CLANG_WARN_QUOTED_INCLUDE_IN_FRAMEWORK_HEADER = YES;
				CLANG_WARN_RANGE_LOOP_ANALYSIS = YES;
				CLANG_WARN_STRICT_PROTOTYPES = YES;
				CLANG_WARN_SUSPICIOUS_MOVE = YES;
				CLANG_WARN_UNGUARDED_AVAILABILITY = YES_AGGRESSIVE;
				CLANG_WARN_UNREACHABLE_CODE = YES;
				CLANG_WARN__DUPLICATE_METHOD_MATCH = YES;
				COPY_PHASE_STRIP = NO;
				DEBUG_INFORMATION_FORMAT = "dwarf-with-dsym";
				ENABLE_NS_ASSERTIONS = NO;
				ENABLE_STRICT_OBJC_MSGSEND = YES;
				GCC_C_LANGUAGE_STANDARD = gnu11;
				GCC_NO_COMMON_BLOCKS = YES;
				GCC_WARN_64_TO_32_BIT_CONVERSION = YES;
				GCC_WARN_ABOUT_RETURN_TYPE = YES_ERROR;
				GCC_WARN_UNDECLARED_SELECTOR = YES;
				GCC_WARN_UNINITIALIZED_AUTOS = YES_AGGRESSIVE;
				GCC_WARN_UNUSED_FUNCTION = YES;
				GCC_WARN_UNUSED_VARIABLE = YES;
				IPHONEOS_DEPLOYMENT_TARGET = 26.0;
				MTL_ENABLE_DEBUG_INFO = NO;
				MTL_FAST_MATH = YES;
				PRODUCT_NAME = "$(TARGET_NAME)";
				SDKROOT = iphoneos;
				SWIFT_COMPILATION_MODE = wholemodule;
				SWIFT_OPTIMIZATION_LEVEL = "-O";
				SWIFT_VERSION = 5.0;
			};
			name = Release;
		};
		AE1F62B332B8F3930B6FB994 /* Debug */ = {
			isa = XCBuildConfiguration;
			buildSettings = {
				ASSETCATALOG_COMPILER_APPICON_NAME = AppIcon;
				ASSETCATALOG_COMPILER_GENERATE_ASSET_SYMBOLS = NO;
				CODE_SIGN_IDENTITY = "iPhone Developer";
				CODE_SIGN_STYLE = Automatic;
				CURRENT_PROJECT_VERSION = 1;
				ENABLE_HARDENED_RUNTIME = YES;
				GENERATE_INFOPLIST_FILE = NO;
				INFOPLIST_FILE = Generated/Info.plist;
				IPHONEOS_DEPLOYMENT_TARGET = 26.0;
				LD_RUNPATH_SEARCH_PATHS = (
					"$(inherited)",
					"@executable_path/Frameworks",
				);
				MARKETING_VERSION = 1.0;
				PRODUCT_BUNDLE_IDENTIFIER = com.mattbryson.RemindSort.iOS;
				SDKROOT = iphoneos;
				SWIFT_VERSION = 6.0;
				TARGETED_DEVICE_FAMILY = "1,2";
			};
			name = Debug;
		};
		B7EB6A43A1CAD998CD724ABB /* Release */ = {
			isa = XCBuildConfiguration;
			buildSettings = {
				ASSETCATALOG_COMPILER_APPICON_NAME = AppIcon;
				ASSETCATALOG_COMPILER_GENERATE_ASSET_SYMBOLS = NO;
				CODE_SIGN_IDENTITY = "iPhone Developer";
				CODE_SIGN_STYLE = Automatic;
				CURRENT_PROJECT_VERSION = 1;
				ENABLE_HARDENED_RUNTIME = YES;
				GENERATE_INFOPLIST_FILE = NO;
				INFOPLIST_FILE = Generated/Info.plist;
				IPHONEOS_DEPLOYMENT_TARGET = 26.0;
				LD_RUNPATH_SEARCH_PATHS = (
					"$(inherited)",
					"@executable_path/Frameworks",
				);
				MARKETING_VERSION = 1.0;
				PRODUCT_BUNDLE_IDENTIFIER = com.mattbryson.RemindSort.iOS;
				SDKROOT = iphoneos;
				SWIFT_VERSION = 6.0;
				TARGETED_DEVICE_FAMILY = "1,2";
			};
			name = Release;
		};
/* End XCBuildConfiguration section */

/* Begin XCConfigurationList section */
		7D7912CF5061C3B5144D29E2 /* Build configuration list for PBXNativeTarget "RemindSort" */ = {
			isa = XCConfigurationList;
			buildConfigurations = (
				AE1F62B332B8F3930B6FB994 /* Debug */,
				B7EB6A43A1CAD998CD724ABB /* Release */,
			);
			defaultConfigurationIsVisible = 0;
			defaultConfigurationName = Debug;
		};
		F486EBA37C33CAE01FEF3EBB /* Build configuration list for PBXProject "RemindSort" */ = {
			isa = XCConfigurationList;
			buildConfigurations = (
				019BAC393570F101F3169835 /* Debug */,
				0AF5A85D296C04A85F207843 /* Release */,
			);
			defaultConfigurationIsVisible = 0;
			defaultConfigurationName = Debug;
		};
/* End XCConfigurationList section */
	};
	rootObject = 1C4EEA44924A32825745D364 /* Project object */;
}
