// !$*UTF8*$!
{
	archiveVersion = 1;
	classes = {
	};
	objectVersion = 77;
	objects = {

/* Begin PBXBuildFile section */
		00C6614FDAD15A5554D242A8 /* ImportanceRanker.mlpackage in Resources */ = {isa = PBXBuildFile; fileRef = B999D7DA0855745147C68CA0 /* ImportanceRanker.mlpackage */; };
		16045A1B85C3E68D08319632 /* RemindersService.swift in Sources */ = {isa = PBXBuildFile; fileRef = FC4AA6D74BE0B3912A2B3B02 /* RemindersService.swift */; };
		17807676ED2206CDD703D554 /* ReminderRow.swift in Sources */ = {isa = PBXBuildFile; fileRef = 5C1D10B0A2790E1C8F3A86E8 /* ReminderRow.swift */; };
		2A08D222807243F2BFEA8C79 /* PreferenceLog.swift in Sources */ = {isa = PBXBuildFile; fileRef = F9C0E987115E7115E45AA7A3 /* PreferenceLog.swift */; };
		3A37A711257512D747397583 /* ImportanceCache.swift in Sources */ = {isa = PBXBuildFile; fileRef = 5B1E132E99BE592E99B58315 /* ImportanceCache.swift */; };
		5A35D89FB93BA2083B9B377A /* UrgencyScorer.swift in Sources */ = {isa = PBXBuildFile; fileRef = EFA9F6F88CB1D2EB0B4972B9 /* UrgencyScorer.swift */; };
		5B9886BAF33B1501C7062F84 /* RankerLabView.swift in Sources */ = {isa = PBXBuildFile; fileRef = 3C7CC410610DAC6A342DA02F /* RankerLabView.swift */; };
		5C1E680A8E6F3A0131B839BF /* RankedOrder.swift in Sources */ = {isa = PBXBuildFile; fileRef = 7C4C9B4256119856C4FD6297 /* RankedOrder.swift */; };
		60FE39AD5BC01EDF65FD5648 /* FaceOffView.swift in Sources */ = {isa = PBXBuildFile; fileRef = 484882E9BFC314FD821A0100 /* FaceOffView.swift */; };
		6819025ABEC591C82B37D637 /* PreferenceReconstruction.swift in Sources */ = {isa = PBXBuildFile; fileRef = DC0DC1D5A22E8344ABC92FB8 /* PreferenceReconstruction.swift */; };
		6BE639261B2BEB98D3281C46 /* RankingMetrics.swift in Sources */ = {isa = PBXBuildFile; fileRef = 7EA59F7422268593E229DC37 /* RankingMetrics.swift */; };
		72AF13F77667506472FDDBE3 /* RemindersViewModel.swift in Sources */ = {isa = PBXBuildFile; fileRef = 80CDE62604C8E4CE7FA8B591 /* RemindersViewModel.swift */; };
		7BA09EE3D400A0DB26DE8FEF /* Ranker.swift in Sources */ = {isa = PBXBuildFile; fileRef = 3B286EC9877775F6EF351DFA /* Ranker.swift */; };
		7DD025B265A0ABC27C5BEFC6 /* SortedApp.swift in Sources */ = {isa = PBXBuildFile; fileRef = E98742920F1419F7B062F785 /* SortedApp.swift */; };
		8583CF052E3B2BC7022E39E0 /* Assets.xcassets in Resources */ = {isa = PBXBuildFile; fileRef = 6B8A1A5A455A4C9C0B200925 /* Assets.xcassets */; };
		8EADE23EA965AB3ECE50FDE9 /* ReminderListView.swift in Sources */ = {isa = PBXBuildFile; fileRef = 3451D8217F3E2890523B3571 /* ReminderListView.swift */; };
		993BA186D648171DDB2D04B2 /* SnoozeUnit.swift in Sources */ = {isa = PBXBuildFile; fileRef = 8EF00EFD818AA03792346F29 /* SnoozeUnit.swift */; };
		A6EFDD59965550069E247CDC /* TopOrderCache.swift in Sources */ = {isa = PBXBuildFile; fileRef = 42EBE63A02C9D0EC77E17918 /* TopOrderCache.swift */; };
		C71BFFDED476B96F1EE00B51 /* AIPrioritizer.swift in Sources */ = {isa = PBXBuildFile; fileRef = F65739F94582E3F21E8408D7 /* AIPrioritizer.swift */; };
		C722E991153F6ACF120AA3C9 /* HomeView.swift in Sources */ = {isa = PBXBuildFile; fileRef = 3A47A9B55D44837C71799931 /* HomeView.swift */; };
		C765CFFA6217D53F9A3952F4 /* ImportanceTiers.swift in Sources */ = {isa = PBXBuildFile; fileRef = E2D56A6B82ADC497B7FF580B /* ImportanceTiers.swift */; };
		D6C82F1A2CC3E5B56CCE6BF4 /* RankerKind.swift in Sources */ = {isa = PBXBuildFile; fileRef = DB2CD56D9FE5B08AB78A9E64 /* RankerKind.swift */; };
		DA923F8DE37F682E8B6ABF57 /* CoreMLRanker.swift in Sources */ = {isa = PBXBuildFile; fileRef = 8EB3E2830CA9CDC14BA5E3C8 /* CoreMLRanker.swift */; };
		E63A34BE4BCA18BC8D5141E7 /* SettingsView.swift in Sources */ = {isa = PBXBuildFile; fileRef = D70AF91A9B5719B2B3F49369 /* SettingsView.swift */; };
		ECC34362BB035DAF52CDE056 /* ContentView.swift in Sources */ = {isa = PBXBuildFile; fileRef = 97BDAEC175A8E8F3BE5B2CD5 /* ContentView.swift */; };
		FCC55E6D1FDC0A5186620B00 /* AppSettings.swift in Sources */ = {isa = PBXBuildFile; fileRef = 934F2010A109C5CD926C6895 /* AppSettings.swift */; };
		FD070265C654BBB36EB60DE0 /* FaceOffLog.swift in Sources */ = {isa = PBXBuildFile; fileRef = 7CA435334C27DA4D1324EEFC /* FaceOffLog.swift */; };
		FE7A284EDEB5B2D221FA31DF /* TrainingLog.swift in Sources */ = {isa = PBXBuildFile; fileRef = 40C6C948B6A8AE464F47DA53 /* TrainingLog.swift */; };
		FE8AB1C713BC787B491FD9FC /* ReminderItem.swift in Sources */ = {isa = PBXBuildFile; fileRef = F5EB8357CF13E769605B89E4 /* ReminderItem.swift */; };
/* End PBXBuildFile section */

/* Begin PBXFileReference section */
		1104A5CAB24B0BCB3D66C940 /* Sorted.app */ = {isa = PBXFileReference; includeInIndex = 0; lastKnownFileType = wrapper.application; path = Sorted.app; sourceTree = BUILT_PRODUCTS_DIR; };
		3451D8217F3E2890523B3571 /* ReminderListView.swift */ = {isa = PBXFileReference; lastKnownFileType = sourcecode.swift; path = ReminderListView.swift; sourceTree = "<group>"; };
		3A47A9B55D44837C71799931 /* HomeView.swift */ = {isa = PBXFileReference; lastKnownFileType = sourcecode.swift; path = HomeView.swift; sourceTree = "<group>"; };
		3B286EC9877775F6EF351DFA /* Ranker.swift */ = {isa = PBXFileReference; lastKnownFileType = sourcecode.swift; path = Ranker.swift; sourceTree = "<group>"; };
		3C7CC410610DAC6A342DA02F /* RankerLabView.swift */ = {isa = PBXFileReference; lastKnownFileType = sourcecode.swift; path = RankerLabView.swift; sourceTree = "<group>"; };
		40C6C948B6A8AE464F47DA53 /* TrainingLog.swift */ = {isa = PBXFileReference; lastKnownFileType = sourcecode.swift; path = TrainingLog.swift; sourceTree = "<group>"; };
		42EBE63A02C9D0EC77E17918 /* TopOrderCache.swift */ = {isa = PBXFileReference; lastKnownFileType = sourcecode.swift; path = TopOrderCache.swift; sourceTree = "<group>"; };
		484882E9BFC314FD821A0100 /* FaceOffView.swift */ = {isa = PBXFileReference; lastKnownFileType = sourcecode.swift; path = FaceOffView.swift; sourceTree = "<group>"; };
		5B1E132E99BE592E99B58315 /* ImportanceCache.swift */ = {isa = PBXFileReference; lastKnownFileType = sourcecode.swift; path = ImportanceCache.swift; sourceTree = "<group>"; };
		5C1D10B0A2790E1C8F3A86E8 /* ReminderRow.swift */ = {isa = PBXFileReference; lastKnownFileType = sourcecode.swift; path = ReminderRow.swift; sourceTree = "<group>"; };
		6B8A1A5A455A4C9C0B200925 /* Assets.xcassets */ = {isa = PBXFileReference; lastKnownFileType = folder.assetcatalog; path = Assets.xcassets; sourceTree = "<group>"; };
		7C4C9B4256119856C4FD6297 /* RankedOrder.swift */ = {isa = PBXFileReference; lastKnownFileType = sourcecode.swift; path = RankedOrder.swift; sourceTree = "<group>"; };
		7CA435334C27DA4D1324EEFC /* FaceOffLog.swift */ = {isa = PBXFileReference; lastKnownFileType = sourcecode.swift; path = FaceOffLog.swift; sourceTree = "<group>"; };
		7EA59F7422268593E229DC37 /* RankingMetrics.swift */ = {isa = PBXFileReference; lastKnownFileType = sourcecode.swift; path = RankingMetrics.swift; sourceTree = "<group>"; };
		80CDE62604C8E4CE7FA8B591 /* RemindersViewModel.swift */ = {isa = PBXFileReference; lastKnownFileType = sourcecode.swift; path = RemindersViewModel.swift; sourceTree = "<group>"; };
		8EB3E2830CA9CDC14BA5E3C8 /* CoreMLRanker.swift */ = {isa = PBXFileReference; lastKnownFileType = sourcecode.swift; path = CoreMLRanker.swift; sourceTree = "<group>"; };
		8EF00EFD818AA03792346F29 /* SnoozeUnit.swift */ = {isa = PBXFileReference; lastKnownFileType = sourcecode.swift; path = SnoozeUnit.swift; sourceTree = "<group>"; };
		934F2010A109C5CD926C6895 /* AppSettings.swift */ = {isa = PBXFileReference; lastKnownFileType = sourcecode.swift; path = AppSettings.swift; sourceTree = "<group>"; };
		97BDAEC175A8E8F3BE5B2CD5 /* ContentView.swift */ = {isa = PBXFileReference; lastKnownFileType = sourcecode.swift; path = ContentView.swift; sourceTree = "<group>"; };
		B999D7DA0855745147C68CA0 /* ImportanceRanker.mlpackage */ = {isa = PBXFileReference; path = ImportanceRanker.mlpackage; sourceTree = "<group>"; };
		D70AF91A9B5719B2B3F49369 /* SettingsView.swift */ = {isa = PBXFileReference; lastKnownFileType = sourcecode.swift; path = SettingsView.swift; sourceTree = "<group>"; };
		DB2CD56D9FE5B08AB78A9E64 /* RankerKind.swift */ = {isa = PBXFileReference; lastKnownFileType = sourcecode.swift; path = RankerKind.swift; sourceTree = "<group>"; };
		DC0DC1D5A22E8344ABC92FB8 /* PreferenceReconstruction.swift */ = {isa = PBXFileReference; lastKnownFileType = sourcecode.swift; path = PreferenceReconstruction.swift; sourceTree = "<group>"; };
		E2D56A6B82ADC497B7FF580B /* ImportanceTiers.swift */ = {isa = PBXFileReference; lastKnownFileType = sourcecode.swift; path = ImportanceTiers.swift; sourceTree = "<group>"; };
		E98742920F1419F7B062F785 /* SortedApp.swift */ = {isa = PBXFileReference; lastKnownFileType = sourcecode.swift; path = SortedApp.swift; sourceTree = "<group>"; };
		EFA9F6F88CB1D2EB0B4972B9 /* UrgencyScorer.swift */ = {isa = PBXFileReference; lastKnownFileType = sourcecode.swift; path = UrgencyScorer.swift; sourceTree = "<group>"; };
		F5EB8357CF13E769605B89E4 /* ReminderItem.swift */ = {isa = PBXFileReference; lastKnownFileType = sourcecode.swift; path = ReminderItem.swift; sourceTree = "<group>"; };
		F65739F94582E3F21E8408D7 /* AIPrioritizer.swift */ = {isa = PBXFileReference; lastKnownFileType = sourcecode.swift; path = AIPrioritizer.swift; sourceTree = "<group>"; };
		F9C0E987115E7115E45AA7A3 /* PreferenceLog.swift */ = {isa = PBXFileReference; lastKnownFileType = sourcecode.swift; path = PreferenceLog.swift; sourceTree = "<group>"; };
		FC4AA6D74BE0B3912A2B3B02 /* RemindersService.swift */ = {isa = PBXFileReference; lastKnownFileType = sourcecode.swift; path = RemindersService.swift; sourceTree = "<group>"; };
/* End PBXFileReference section */

/* Begin PBXGroup section */
		0A4B335A223AB65A29CCDA42 /* Shared */ = {
			isa = PBXGroup;
			children = (
				D93D2B6AF513F4B39A86DED5 /* Models */,
				1F27CF58203AC34083D4D001 /* Resources */,
				B8741D2C2D46D56F7556B5CE /* Services */,
				A74726FE4B312C56987EB324 /* ViewModels */,
				AAA79B6EEC71B7B289604A94 /* Views */,
			);
			path = Shared;
			sourceTree = "<group>";
		};
		1F27CF58203AC34083D4D001 /* Resources */ = {
			isa = PBXGroup;
			children = (
				B999D7DA0855745147C68CA0 /* ImportanceRanker.mlpackage */,
			);
			path = Resources;
			sourceTree = "<group>";
		};
		23031BD440452E297A9F3E58 /* sorted-ab-integration */ = {
			isa = PBXGroup;
			children = (
				0A4B335A223AB65A29CCDA42 /* Shared */,
			);
			name = "sorted-ab-integration";
			path = ..;
			sourceTree = "<group>";
		};
		6AE392080F66895B54022CA7 /* Products */ = {
			isa = PBXGroup;
			children = (
				1104A5CAB24B0BCB3D66C940 /* Sorted.app */,
			);
			name = Products;
			sourceTree = "<group>";
		};
		6FF441E7EA03486386131874 /* App */ = {
			isa = PBXGroup;
			children = (
				E98742920F1419F7B062F785 /* SortedApp.swift */,
			);
			path = App;
			sourceTree = "<group>";
		};
		9CA50D8C88455813B9CD7E2B = {
			isa = PBXGroup;
			children = (
				DE478BE534E957968143542A /* Sorted */,
				23031BD440452E297A9F3E58 /* sorted-ab-integration */,
				6AE392080F66895B54022CA7 /* Products */,
			);
			sourceTree = "<group>";
		};
		A74726FE4B312C56987EB324 /* ViewModels */ = {
			isa = PBXGroup;
			children = (
				934F2010A109C5CD926C6895 /* AppSettings.swift */,
				80CDE62604C8E4CE7FA8B591 /* RemindersViewModel.swift */,
			);
			path = ViewModels;
			sourceTree = "<group>";
		};
		AAA79B6EEC71B7B289604A94 /* Views */ = {
			isa = PBXGroup;
			children = (
				484882E9BFC314FD821A0100 /* FaceOffView.swift */,
				3C7CC410610DAC6A342DA02F /* RankerLabView.swift */,
				3451D8217F3E2890523B3571 /* ReminderListView.swift */,
				5C1D10B0A2790E1C8F3A86E8 /* ReminderRow.swift */,
			);
			path = Views;
			sourceTree = "<group>";
		};
		B8741D2C2D46D56F7556B5CE /* Services */ = {
			isa = PBXGroup;
			children = (
				F65739F94582E3F21E8408D7 /* AIPrioritizer.swift */,
				8EB3E2830CA9CDC14BA5E3C8 /* CoreMLRanker.swift */,
				7CA435334C27DA4D1324EEFC /* FaceOffLog.swift */,
				5B1E132E99BE592E99B58315 /* ImportanceCache.swift */,
				F9C0E987115E7115E45AA7A3 /* PreferenceLog.swift */,
				DC0DC1D5A22E8344ABC92FB8 /* PreferenceReconstruction.swift */,
				3B286EC9877775F6EF351DFA /* Ranker.swift */,
				DB2CD56D9FE5B08AB78A9E64 /* RankerKind.swift */,
				7EA59F7422268593E229DC37 /* RankingMetrics.swift */,
				FC4AA6D74BE0B3912A2B3B02 /* RemindersService.swift */,
				42EBE63A02C9D0EC77E17918 /* TopOrderCache.swift */,
				40C6C948B6A8AE464F47DA53 /* TrainingLog.swift */,
				EFA9F6F88CB1D2EB0B4972B9 /* UrgencyScorer.swift */,
			);
			path = Services;
			sourceTree = "<group>";
		};
		D93D2B6AF513F4B39A86DED5 /* Models */ = {
			isa = PBXGroup;
			children = (
				E2D56A6B82ADC497B7FF580B /* ImportanceTiers.swift */,
				7C4C9B4256119856C4FD6297 /* RankedOrder.swift */,
				F5EB8357CF13E769605B89E4 /* ReminderItem.swift */,
				8EF00EFD818AA03792346F29 /* SnoozeUnit.swift */,
			);
			path = Models;
			sourceTree = "<group>";
		};
		DE478BE534E957968143542A /* Sorted */ = {
			isa = PBXGroup;
			children = (
				6B8A1A5A455A4C9C0B200925 /* Assets.xcassets */,
				6FF441E7EA03486386131874 /* App */,
				E702350EFD4FE08813DF159B /* Views */,
			);
			path = Sorted;
			sourceTree = "<group>";
		};
		E702350EFD4FE08813DF159B /* Views */ = {
			isa = PBXGroup;
			children = (
				97BDAEC175A8E8F3BE5B2CD5 /* ContentView.swift */,
				3A47A9B55D44837C71799931 /* HomeView.swift */,
				D70AF91A9B5719B2B3F49369 /* SettingsView.swift */,
			);
			path = Views;
			sourceTree = "<group>";
		};
/* End PBXGroup section */

/* Begin PBXNativeTarget section */
		1F2D7EFA683C88BA3C938B91 /* Sorted */ = {
			isa = PBXNativeTarget;
			buildConfigurationList = 074A288056F7789BC30AEA91 /* Build configuration list for PBXNativeTarget "Sorted" */;
			buildPhases = (
				22F21CF285DACC172D10708D /* Sources */,
				9047DCF3B20A701A66C29B05 /* Resources */,
			);
			buildRules = (
			);
			dependencies = (
			);
			name = Sorted;
			packageProductDependencies = (
			);
			productName = Sorted;
			productReference = 1104A5CAB24B0BCB3D66C940 /* Sorted.app */;
			productType = "com.apple.product-type.application";
		};
/* End PBXNativeTarget section */

/* Begin PBXProject section */
		E846D9CAA04B6175F3211A7B /* Project object */ = {
			isa = PBXProject;
			attributes = {
				BuildIndependentTargetsInParallel = YES;
				LastUpgradeCheck = 1430;
				TargetAttributes = {
					1F2D7EFA683C88BA3C938B91 = {
						DevelopmentTeam = A9K8GZ46Y9;
						ProvisioningStyle = Automatic;
					};
				};
			};
			buildConfigurationList = 9CC856BDEF969BB097DFEF6F /* Build configuration list for PBXProject "Sorted" */;
			developmentRegion = en;
			hasScannedForEncodings = 0;
			knownRegions = (
				Base,
				en,
			);
			mainGroup = 9CA50D8C88455813B9CD7E2B;
			minimizedProjectReferenceProxies = 1;
			preferredProjectObjectVersion = 77;
			productRefGroup = 6AE392080F66895B54022CA7 /* Products */;
			projectDirPath = "";
			projectRoot = "";
			targets = (
				1F2D7EFA683C88BA3C938B91 /* Sorted */,
			);
		};
/* End PBXProject section */

/* Begin PBXResourcesBuildPhase section */
		9047DCF3B20A701A66C29B05 /* Resources */ = {
			isa = PBXResourcesBuildPhase;
			buildActionMask = 2147483647;
			files = (
				8583CF052E3B2BC7022E39E0 /* Assets.xcassets in Resources */,
				00C6614FDAD15A5554D242A8 /* ImportanceRanker.mlpackage in Resources */,
			);
			runOnlyForDeploymentPostprocessing = 0;
		};
/* End PBXResourcesBuildPhase section */

/* Begin PBXSourcesBuildPhase section */
		22F21CF285DACC172D10708D /* Sources */ = {
			isa = PBXSourcesBuildPhase;
			buildActionMask = 2147483647;
			files = (
				C71BFFDED476B96F1EE00B51 /* AIPrioritizer.swift in Sources */,
				FCC55E6D1FDC0A5186620B00 /* AppSettings.swift in Sources */,
				ECC34362BB035DAF52CDE056 /* ContentView.swift in Sources */,
				DA923F8DE37F682E8B6ABF57 /* CoreMLRanker.swift in Sources */,
				FD070265C654BBB36EB60DE0 /* FaceOffLog.swift in Sources */,
				60FE39AD5BC01EDF65FD5648 /* FaceOffView.swift in Sources */,
				C722E991153F6ACF120AA3C9 /* HomeView.swift in Sources */,
				3A37A711257512D747397583 /* ImportanceCache.swift in Sources */,
				C765CFFA6217D53F9A3952F4 /* ImportanceTiers.swift in Sources */,
				2A08D222807243F2BFEA8C79 /* PreferenceLog.swift in Sources */,
				6819025ABEC591C82B37D637 /* PreferenceReconstruction.swift in Sources */,
				5C1E680A8E6F3A0131B839BF /* RankedOrder.swift in Sources */,
				7BA09EE3D400A0DB26DE8FEF /* Ranker.swift in Sources */,
				D6C82F1A2CC3E5B56CCE6BF4 /* RankerKind.swift in Sources */,
				5B9886BAF33B1501C7062F84 /* RankerLabView.swift in Sources */,
				6BE639261B2BEB98D3281C46 /* RankingMetrics.swift in Sources */,
				FE8AB1C713BC787B491FD9FC /* ReminderItem.swift in Sources */,
				8EADE23EA965AB3ECE50FDE9 /* ReminderListView.swift in Sources */,
				17807676ED2206CDD703D554 /* ReminderRow.swift in Sources */,
				16045A1B85C3E68D08319632 /* RemindersService.swift in Sources */,
				72AF13F77667506472FDDBE3 /* RemindersViewModel.swift in Sources */,
				E63A34BE4BCA18BC8D5141E7 /* SettingsView.swift in Sources */,
				993BA186D648171DDB2D04B2 /* SnoozeUnit.swift in Sources */,
				7DD025B265A0ABC27C5BEFC6 /* SortedApp.swift in Sources */,
				A6EFDD59965550069E247CDC /* TopOrderCache.swift in Sources */,
				FE7A284EDEB5B2D221FA31DF /* TrainingLog.swift in Sources */,
				5A35D89FB93BA2083B9B377A /* UrgencyScorer.swift in Sources */,
			);
			runOnlyForDeploymentPostprocessing = 0;
		};
/* End PBXSourcesBuildPhase section */

/* Begin XCBuildConfiguration section */
		385AF3C852D25564C88D9FAA /* Debug */ = {
			isa = XCBuildConfiguration;
			buildSettings = {
				ALWAYS_SEARCH_USER_PATHS = NO;
				CLANG_ANALYZER_NONNULL = YES;
				CLANG_ANALYZER_NUMBER_OBJECT_CONVERSION = YES_AGGRESSIVE;
				CLANG_CXX_LANGUAGE_STANDARD = "gnu++14";
				CLANG_CXX_LIBRARY = "libc++";
				CLANG_ENABLE_MODULES = YES;
				CLANG_ENABLE_OBJC_ARC = YES;
				CLANG_ENABLE_OBJC_WEAK = YES;
				CLANG_WARN_BLOCK_CAPTURE_AUTORELEASING = YES;
				CLANG_WARN_BOOL_CONVERSION = YES;
				CLANG_WARN_COMMA = YES;
				CLANG_WARN_CONSTANT_CONVERSION = YES;
				CLANG_WARN_DEPRECATED_OBJC_IMPLEMENTATIONS = YES;
				CLANG_WARN_DIRECT_OBJC_ISA_USAGE = YES_ERROR;
				CLANG_WARN_DOCUMENTATION_COMMENTS = YES;
				CLANG_WARN_EMPTY_BODY = YES;
				CLANG_WARN_ENUM_CONVERSION = YES;
				CLANG_WARN_INFINITE_RECURSION = YES;
				CLANG_WARN_INT_CONVERSION = YES;
				CLANG_WARN_NON_LITERAL_NULL_CONVERSION = YES;
				CLANG_WARN_OBJC_IMPLICIT_RETAIN_SELF = YES;
				CLANG_WARN_OBJC_LITERAL_CONVERSION = YES;
				CLANG_WARN_OBJC_ROOT_CLASS = YES_ERROR;
				CLANG_WARN_QUOTED_INCLUDE_IN_FRAMEWORK_HEADER = YES;
				CLANG_WARN_RANGE_LOOP_ANALYSIS = YES;
				CLANG_WARN_STRICT_PROTOTYPES = YES;
				CLANG_WARN_SUSPICIOUS_MOVE = YES;
				CLANG_WARN_UNGUARDED_AVAILABILITY = YES_AGGRESSIVE;
				CLANG_WARN_UNREACHABLE_CODE = YES;
				CLANG_WARN__DUPLICATE_METHOD_MATCH = YES;
				COPY_PHASE_STRIP = NO;
				DEBUG_INFORMATION_FORMAT = dwarf;
				ENABLE_STRICT_OBJC_MSGSEND = YES;
				ENABLE_TESTABILITY = YES;
				GCC_C_LANGUAGE_STANDARD = gnu11;
				GCC_DYNAMIC_NO_PIC = NO;
				GCC_NO_COMMON_BLOCKS = YES;
				GCC_OPTIMIZATION_LEVEL = 0;
				GCC_PREPROCESSOR_DEFINITIONS = (
					"$(inherited)",
					"DEBUG=1",
				);
				GCC_WARN_64_TO_32_BIT_CONVERSION = YES;
				GCC_WARN_ABOUT_RETURN_TYPE = YES_ERROR;
				GCC_WARN_UNDECLARED_SELECTOR = YES;
				GCC_WARN_UNINITIALIZED_AUTOS = YES_AGGRESSIVE;
				GCC_WARN_UNUSED_FUNCTION = YES;
				GCC_WARN_UNUSED_VARIABLE = YES;
				IPHONEOS_DEPLOYMENT_TARGET = 26.0;
				MTL_ENABLE_DEBUG_INFO = INCLUDE_SOURCE;
				MTL_FAST_MATH = YES;
				ONLY_ACTIVE_ARCH = YES;
				PRODUCT_NAME = "$(TARGET_NAME)";
				SDKROOT = iphoneos;
				SWIFT_ACTIVE_COMPILATION_CONDITIONS = DEBUG;
				SWIFT_OPTIMIZATION_LEVEL = "-Onone";
				SWIFT_VERSION = 5.0;
			};
			name = Debug;
		};
		5A72EB4F8D295A24CA4C883A /* Release */ = {
			isa = XCBuildConfiguration;
			buildSettings = {
				ASSETCATALOG_COMPILER_APPICON_NAME = AppIcon;
				ASSETCATALOG_COMPILER_GENERATE_ASSET_SYMBOLS = NO;
				CODE_SIGN_IDENTITY = "iPhone Developer";
				CODE_SIGN_STYLE = Automatic;
				CURRENT_PROJECT_VERSION = 1;
				DEVELOPMENT_TEAM = A9K8GZ46Y9;
				ENABLE_HARDENED_RUNTIME = YES;
				GENERATE_INFOPLIST_FILE = NO;
				INFOPLIST_FILE = Generated/Info.plist;
				IPHONEOS_DEPLOYMENT_TARGET = 26.0;
				LD_RUNPATH_SEARCH_PATHS = (
					"$(inherited)",
					"@executable_path/Frameworks",
				);
				MARKETING_VERSION = 1.0;
				PRODUCT_BUNDLE_IDENTIFIER = com.mattbryson.Sorted.iOS;
				SDKROOT = iphoneos;
				SWIFT_VERSION = 6.0;
				TARGETED_DEVICE_FAMILY = "1,2";
			};
			name = Release;
		};
		710627B7A6955A6DA8048B53 /* Release */ = {
			isa = XCBuildConfiguration;
			buildSettings = {
				ALWAYS_SEARCH_USER_PATHS = NO;
				CLANG_ANALYZER_NONNULL = YES;
				CLANG_ANALYZER_NUMBER_OBJECT_CONVERSION = YES_AGGRESSIVE;
				CLANG_CXX_LANGUAGE_STANDARD = "gnu++14";
				CLANG_CXX_LIBRARY = "libc++";
				CLANG_ENABLE_MODULES = YES;
				CLANG_ENABLE_OBJC_ARC = YES;
				CLANG_ENABLE_OBJC_WEAK = YES;
				CLANG_WARN_BLOCK_CAPTURE_AUTORELEASING = YES;
				CLANG_WARN_BOOL_CONVERSION = YES;
				CLANG_WARN_COMMA = YES;
				CLANG_WARN_CONSTANT_CONVERSION = YES;
				CLANG_WARN_DEPRECATED_OBJC_IMPLEMENTATIONS = YES;
				CLANG_WARN_DIRECT_OBJC_ISA_USAGE = YES_ERROR;
				CLANG_WARN_DOCUMENTATION_COMMENTS = YES;
				CLANG_WARN_EMPTY_BODY = YES;
				CLANG_WARN_ENUM_CONVERSION = YES;
				CLANG_WARN_INFINITE_RECURSION = YES;
				CLANG_WARN_INT_CONVERSION = YES;
				CLANG_WARN_NON_LITERAL_NULL_CONVERSION = YES;
				CLANG_WARN_OBJC_IMPLICIT_RETAIN_SELF = YES;
				CLANG_WARN_OBJC_LITERAL_CONVERSION = YES;
				CLANG_WARN_OBJC_ROOT_CLASS = YES_ERROR;
				CLANG_WARN_QUOTED_INCLUDE_IN_FRAMEWORK_HEADER = YES;
				CLANG_WARN_RANGE_LOOP_ANALYSIS = YES;
				CLANG_WARN_STRICT_PROTOTYPES = YES;
				CLANG_WARN_SUSPICIOUS_MOVE = YES;
				CLANG_WARN_UNGUARDED_AVAILABILITY = YES_AGGRESSIVE;
				CLANG_WARN_UNREACHABLE_CODE = YES;
				CLANG_WARN__DUPLICATE_METHOD_MATCH = YES;
				COPY_PHASE_STRIP = NO;
				DEBUG_INFORMATION_FORMAT = "dwarf-with-dsym";
				ENABLE_NS_ASSERTIONS = NO;
				ENABLE_STRICT_OBJC_MSGSEND = YES;
				GCC_C_LANGUAGE_STANDARD = gnu11;
				GCC_NO_COMMON_BLOCKS = YES;
				GCC_WARN_64_TO_32_BIT_CONVERSION = YES;
				GCC_WARN_ABOUT_RETURN_TYPE = YES_ERROR;
				GCC_WARN_UNDECLARED_SELECTOR = YES;
				GCC_WARN_UNINITIALIZED_AUTOS = YES_AGGRESSIVE;
				GCC_WARN_UNUSED_FUNCTION = YES;
				GCC_WARN_UNUSED_VARIABLE = YES;
				IPHONEOS_DEPLOYMENT_TARGET = 26.0;
				MTL_ENABLE_DEBUG_INFO = NO;
				MTL_FAST_MATH = YES;
				PRODUCT_NAME = "$(TARGET_NAME)";
				SDKROOT = iphoneos;
				SWIFT_COMPILATION_MODE = wholemodule;
				SWIFT_OPTIMIZATION_LEVEL = "-O";
				SWIFT_VERSION = 5.0;
			};
			name = Release;
		};
		753991C3669BAC238146B2AC /* Debug */ = {
			isa = XCBuildConfiguration;
			buildSettings = {
				ASSETCATALOG_COMPILER_APPICON_NAME = AppIcon;
				ASSETCATALOG_COMPILER_GENERATE_ASSET_SYMBOLS = NO;
				CODE_SIGN_IDENTITY = "iPhone Developer";
				CODE_SIGN_STYLE = Automatic;
				CURRENT_PROJECT_VERSION = 1;
				DEVELOPMENT_TEAM = A9K8GZ46Y9;
				ENABLE_HARDENED_RUNTIME = YES;
				GENERATE_INFOPLIST_FILE = NO;
				INFOPLIST_FILE = Generated/Info.plist;
				IPHONEOS_DEPLOYMENT_TARGET = 26.0;
				LD_RUNPATH_SEARCH_PATHS = (
					"$(inherited)",
					"@executable_path/Frameworks",
				);
				MARKETING_VERSION = 1.0;
				PRODUCT_BUNDLE_IDENTIFIER = com.mattbryson.Sorted.iOS;
				SDKROOT = iphoneos;
				SWIFT_VERSION = 6.0;
				TARGETED_DEVICE_FAMILY = "1,2";
			};
			name = Debug;
		};
/* End XCBuildConfiguration section */

/* Begin XCConfigurationList section */
		074A288056F7789BC30AEA91 /* Build configuration list for PBXNativeTarget "Sorted" */ = {
			isa = XCConfigurationList;
			buildConfigurations = (
				753991C3669BAC238146B2AC /* Debug */,
				5A72EB4F8D295A24CA4C883A /* Release */,
			);
			defaultConfigurationIsVisible = 0;
			defaultConfigurationName = Debug;
		};
		9CC856BDEF969BB097DFEF6F /* Build configuration list for PBXProject "Sorted" */ = {
			isa = XCConfigurationList;
			buildConfigurations = (
				385AF3C852D25564C88D9FAA /* Debug */,
				710627B7A6955A6DA8048B53 /* Release */,
			);
			defaultConfigurationIsVisible = 0;
			defaultConfigurationName = Debug;
		};
/* End XCConfigurationList section */
	};
	rootObject = E846D9CAA04B6175F3211A7B /* Project object */;
}
