// !$*UTF8*$!
{
	archiveVersion = 1;
	classes = {
	};
	objectVersion = 77;
	objects = {

/* Begin PBXBuildFile section */
		11B3A3273E5D8D9990822608 /* SnoozeUnit.swift in Sources */ = {isa = PBXBuildFile; fileRef = 0192E3D4356131DB69D650EA /* SnoozeUnit.swift */; };
		1A2843EEBDC7EC9986F09A40 /* AppSettings.swift in Sources */ = {isa = PBXBuildFile; fileRef = F4113D36294B1D922688638B /* AppSettings.swift */; };
		450F1F16264BFDA7ECC7933C /* AIPrioritizer.swift in Sources */ = {isa = PBXBuildFile; fileRef = 8C7D9761B7ABDC39A5546457 /* AIPrioritizer.swift */; };
		5377C512C43CC1FC3A914C3B /* UrgencyScorer.swift in Sources */ = {isa = PBXBuildFile; fileRef = 551882E021629D5C6D616E03 /* UrgencyScorer.swift */; };
		55D1FA7CB13DD57E3019FEF2 /* ImportanceCache.swift in Sources */ = {isa = PBXBuildFile; fileRef = DA11C0BD28F1B54CE5E7ACAE /* ImportanceCache.swift */; };
		60F0D99756775EF483CCE246 /* RankerKind.swift in Sources */ = {isa = PBXBuildFile; fileRef = C5B7C97C5839724BC5F616BE /* RankerKind.swift */; };
		674C7280DCBC8D63722B38CC /* RemindersViewModel.swift in Sources */ = {isa = PBXBuildFile; fileRef = 36F20D07C5E26815FFD706FE /* RemindersViewModel.swift */; };
		70F70DA84511AF3115320F97 /* FaceOffLog.swift in Sources */ = {isa = PBXBuildFile; fileRef = 35017AC08D0A9DAA4357AF18 /* FaceOffLog.swift */; };
		7DD025B265A0ABC27C5BEFC6 /* SortedApp.swift in Sources */ = {isa = PBXBuildFile; fileRef = E98742920F1419F7B062F785 /* SortedApp.swift */; };
		83D2EA89B9C4904A2CC3BEE2 /* ReminderRow.swift in Sources */ = {isa = PBXBuildFile; fileRef = 1436D85B0915B22A2003F07D /* ReminderRow.swift */; };
		856315891292D0FE3903A50A /* ReminderListView.swift in Sources */ = {isa = PBXBuildFile; fileRef = 30504CF56E6415DE35E047B0 /* ReminderListView.swift */; };
		8583CF052E3B2BC7022E39E0 /* Assets.xcassets in Resources */ = {isa = PBXBuildFile; fileRef = 6B8A1A5A455A4C9C0B200925 /* Assets.xcassets */; };
		B57258E92E2F7FFA82C97713 /* TopOrderCache.swift in Sources */ = {isa = PBXBuildFile; fileRef = 6DF5AB4E7386CCB966D3EC3F /* TopOrderCache.swift */; };
		C2168EDFAA01CF00664405DF /* ImportanceTiers.swift in Sources */ = {isa = PBXBuildFile; fileRef = 24534AAB79DE345F903ABEEE /* ImportanceTiers.swift */; };
		C722E991153F6ACF120AA3C9 /* HomeView.swift in Sources */ = {isa = PBXBuildFile; fileRef = 3A47A9B55D44837C71799931 /* HomeView.swift */; };
		C9E93EB4F05025366B2529BE /* ReminderItem.swift in Sources */ = {isa = PBXBuildFile; fileRef = 988593532702553C70F2372A /* ReminderItem.swift */; };
		D20F1C7F0F0D71FAFC440248 /* FaceOffView.swift in Sources */ = {isa = PBXBuildFile; fileRef = 46E5196EC2772C32276476D3 /* FaceOffView.swift */; };
		D43A7238417DE9D14CD09110 /* TrainingLog.swift in Sources */ = {isa = PBXBuildFile; fileRef = C1A578944F86D119A1799EB5 /* TrainingLog.swift */; };
		DE451B2E2B58A1DF2F994470 /* RankedOrder.swift in Sources */ = {isa = PBXBuildFile; fileRef = 4B22B88631EDB3F2F5B245D3 /* RankedOrder.swift */; };
		E2B50D8518A86383809CCAF5 /* Ranker.swift in Sources */ = {isa = PBXBuildFile; fileRef = 65D3573E1049A2AD705AF773 /* Ranker.swift */; };
		E63A34BE4BCA18BC8D5141E7 /* SettingsView.swift in Sources */ = {isa = PBXBuildFile; fileRef = D70AF91A9B5719B2B3F49369 /* SettingsView.swift */; };
		ECC34362BB035DAF52CDE056 /* ContentView.swift in Sources */ = {isa = PBXBuildFile; fileRef = 97BDAEC175A8E8F3BE5B2CD5 /* ContentView.swift */; };
		EDD0B5E3FF0738749ED90B00 /* RemindersService.swift in Sources */ = {isa = PBXBuildFile; fileRef = 1C1F9FB6004E6437777ADA0B /* RemindersService.swift */; };
		EEC58418A3C3F8F7DFA976C5 /* PreferenceLog.swift in Sources */ = {isa = PBXBuildFile; fileRef = 6F0A4E580588F3F621145B84 /* PreferenceLog.swift */; };
/* End PBXBuildFile section */

/* Begin PBXFileReference section */
		0192E3D4356131DB69D650EA /* SnoozeUnit.swift */ = {isa = PBXFileReference; lastKnownFileType = sourcecode.swift; path = SnoozeUnit.swift; sourceTree = "<group>"; };
		1104A5CAB24B0BCB3D66C940 /* Sorted.app */ = {isa = PBXFileReference; includeInIndex = 0; lastKnownFileType = wrapper.application; path = Sorted.app; sourceTree = BUILT_PRODUCTS_DIR; };
		1436D85B0915B22A2003F07D /* ReminderRow.swift */ = {isa = PBXFileReference; lastKnownFileType = sourcecode.swift; path = ReminderRow.swift; sourceTree = "<group>"; };
		1C1F9FB6004E6437777ADA0B /* RemindersService.swift */ = {isa = PBXFileReference; lastKnownFileType = sourcecode.swift; path = RemindersService.swift; sourceTree = "<group>"; };
		24534AAB79DE345F903ABEEE /* ImportanceTiers.swift */ = {isa = PBXFileReference; lastKnownFileType = sourcecode.swift; path = ImportanceTiers.swift; sourceTree = "<group>"; };
		30504CF56E6415DE35E047B0 /* ReminderListView.swift */ = {isa = PBXFileReference; lastKnownFileType = sourcecode.swift; path = ReminderListView.swift; sourceTree = "<group>"; };
		35017AC08D0A9DAA4357AF18 /* FaceOffLog.swift */ = {isa = PBXFileReference; lastKnownFileType = sourcecode.swift; path = FaceOffLog.swift; sourceTree = "<group>"; };
		36F20D07C5E26815FFD706FE /* RemindersViewModel.swift */ = {isa = PBXFileReference; lastKnownFileType = sourcecode.swift; path = RemindersViewModel.swift; sourceTree = "<group>"; };
		3A47A9B55D44837C71799931 /* HomeView.swift */ = {isa = PBXFileReference; lastKnownFileType = sourcecode.swift; path = HomeView.swift; sourceTree = "<group>"; };
		46E5196EC2772C32276476D3 /* FaceOffView.swift */ = {isa = PBXFileReference; lastKnownFileType = sourcecode.swift; path = FaceOffView.swift; sourceTree = "<group>"; };
		4B22B88631EDB3F2F5B245D3 /* RankedOrder.swift */ = {isa = PBXFileReference; lastKnownFileType = sourcecode.swift; path = RankedOrder.swift; sourceTree = "<group>"; };
		551882E021629D5C6D616E03 /* UrgencyScorer.swift */ = {isa = PBXFileReference; lastKnownFileType = sourcecode.swift; path = UrgencyScorer.swift; sourceTree = "<group>"; };
		65D3573E1049A2AD705AF773 /* Ranker.swift */ = {isa = PBXFileReference; lastKnownFileType = sourcecode.swift; path = Ranker.swift; sourceTree = "<group>"; };
		6B8A1A5A455A4C9C0B200925 /* Assets.xcassets */ = {isa = PBXFileReference; lastKnownFileType = folder.assetcatalog; path = Assets.xcassets; sourceTree = "<group>"; };
		6DF5AB4E7386CCB966D3EC3F /* TopOrderCache.swift */ = {isa = PBXFileReference; lastKnownFileType = sourcecode.swift; path = TopOrderCache.swift; sourceTree = "<group>"; };
		6F0A4E580588F3F621145B84 /* PreferenceLog.swift */ = {isa = PBXFileReference; lastKnownFileType = sourcecode.swift; path = PreferenceLog.swift; sourceTree = "<group>"; };
		8C7D9761B7ABDC39A5546457 /* AIPrioritizer.swift */ = {isa = PBXFileReference; lastKnownFileType = sourcecode.swift; path = AIPrioritizer.swift; sourceTree = "<group>"; };
		97BDAEC175A8E8F3BE5B2CD5 /* ContentView.swift */ = {isa = PBXFileReference; lastKnownFileType = sourcecode.swift; path = ContentView.swift; sourceTree = "<group>"; };
		988593532702553C70F2372A /* ReminderItem.swift */ = {isa = PBXFileReference; lastKnownFileType = sourcecode.swift; path = ReminderItem.swift; sourceTree = "<group>"; };
		C1A578944F86D119A1799EB5 /* TrainingLog.swift */ = {isa = PBXFileReference; lastKnownFileType = sourcecode.swift; path = TrainingLog.swift; sourceTree = "<group>"; };
		C5B7C97C5839724BC5F616BE /* RankerKind.swift */ = {isa = PBXFileReference; lastKnownFileType = sourcecode.swift; path = RankerKind.swift; sourceTree = "<group>"; };
		D70AF91A9B5719B2B3F49369 /* SettingsView.swift */ = {isa = PBXFileReference; lastKnownFileType = sourcecode.swift; path = SettingsView.swift; sourceTree = "<group>"; };
		DA11C0BD28F1B54CE5E7ACAE /* ImportanceCache.swift */ = {isa = PBXFileReference; lastKnownFileType = sourcecode.swift; path = ImportanceCache.swift; sourceTree = "<group>"; };
		E98742920F1419F7B062F785 /* SortedApp.swift */ = {isa = PBXFileReference; lastKnownFileType = sourcecode.swift; path = SortedApp.swift; sourceTree = "<group>"; };
		F4113D36294B1D922688638B /* AppSettings.swift */ = {isa = PBXFileReference; lastKnownFileType = sourcecode.swift; path = AppSettings.swift; sourceTree = "<group>"; };
/* End PBXFileReference section */

/* Begin PBXGroup section */
		284A14B10FB2BEDCA719E41E /* Views */ = {
			isa = PBXGroup;
			children = (
				46E5196EC2772C32276476D3 /* FaceOffView.swift */,
				30504CF56E6415DE35E047B0 /* ReminderListView.swift */,
				1436D85B0915B22A2003F07D /* ReminderRow.swift */,
			);
			path = Views;
			sourceTree = "<group>";
		};
		4951F27BFC635143597B067B /* ViewModels */ = {
			isa = PBXGroup;
			children = (
				F4113D36294B1D922688638B /* AppSettings.swift */,
				36F20D07C5E26815FFD706FE /* RemindersViewModel.swift */,
			);
			path = ViewModels;
			sourceTree = "<group>";
		};
		6AE392080F66895B54022CA7 /* Products */ = {
			isa = PBXGroup;
			children = (
				1104A5CAB24B0BCB3D66C940 /* Sorted.app */,
			);
			name = Products;
			sourceTree = "<group>";
		};
		6FF441E7EA03486386131874 /* App */ = {
			isa = PBXGroup;
			children = (
				E98742920F1419F7B062F785 /* SortedApp.swift */,
			);
			path = App;
			sourceTree = "<group>";
		};
		76F60F945DA0447A6AD61758 /* Services */ = {
			isa = PBXGroup;
			children = (
				8C7D9761B7ABDC39A5546457 /* AIPrioritizer.swift */,
				35017AC08D0A9DAA4357AF18 /* FaceOffLog.swift */,
				DA11C0BD28F1B54CE5E7ACAE /* ImportanceCache.swift */,
				6F0A4E580588F3F621145B84 /* PreferenceLog.swift */,
				65D3573E1049A2AD705AF773 /* Ranker.swift */,
				C5B7C97C5839724BC5F616BE /* RankerKind.swift */,
				1C1F9FB6004E6437777ADA0B /* RemindersService.swift */,
				6DF5AB4E7386CCB966D3EC3F /* TopOrderCache.swift */,
				C1A578944F86D119A1799EB5 /* TrainingLog.swift */,
				551882E021629D5C6D616E03 /* UrgencyScorer.swift */,
			);
			path = Services;
			sourceTree = "<group>";
		};
		7C8AEB2F049AED91D7820B19 /* sorted-ab-base */ = {
			isa = PBXGroup;
			children = (
				A588662953D3FBDA2952D37C /* Shared */,
			);
			name = "sorted-ab-base";
			path = ..;
			sourceTree = "<group>";
		};
		9CA50D8C88455813B9CD7E2B = {
			isa = PBXGroup;
			children = (
				DE478BE534E957968143542A /* Sorted */,
				7C8AEB2F049AED91D7820B19 /* sorted-ab-base */,
				6AE392080F66895B54022CA7 /* Products */,
			);
			sourceTree = "<group>";
		};
		A588662953D3FBDA2952D37C /* Shared */ = {
			isa = PBXGroup;
			children = (
				DAE84C7F0F3942C861A5324D /* Models */,
				76F60F945DA0447A6AD61758 /* Services */,
				4951F27BFC635143597B067B /* ViewModels */,
				284A14B10FB2BEDCA719E41E /* Views */,
			);
			path = Shared;
			sourceTree = "<group>";
		};
		DAE84C7F0F3942C861A5324D /* Models */ = {
			isa = PBXGroup;
			children = (
				24534AAB79DE345F903ABEEE /* ImportanceTiers.swift */,
				4B22B88631EDB3F2F5B245D3 /* RankedOrder.swift */,
				988593532702553C70F2372A /* ReminderItem.swift */,
				0192E3D4356131DB69D650EA /* SnoozeUnit.swift */,
			);
			path = Models;
			sourceTree = "<group>";
		};
		DE478BE534E957968143542A /* Sorted */ = {
			isa = PBXGroup;
			children = (
				6B8A1A5A455A4C9C0B200925 /* Assets.xcassets */,
				6FF441E7EA03486386131874 /* App */,
				E702350EFD4FE08813DF159B /* Views */,
			);
			path = Sorted;
			sourceTree = "<group>";
		};
		E702350EFD4FE08813DF159B /* Views */ = {
			isa = PBXGroup;
			children = (
				97BDAEC175A8E8F3BE5B2CD5 /* ContentView.swift */,
				3A47A9B55D44837C71799931 /* HomeView.swift */,
				D70AF91A9B5719B2B3F49369 /* SettingsView.swift */,
			);
			path = Views;
			sourceTree = "<group>";
		};
/* End PBXGroup section */

/* Begin PBXNativeTarget section */
		1F2D7EFA683C88BA3C938B91 /* Sorted */ = {
			isa = PBXNativeTarget;
			buildConfigurationList = 074A288056F7789BC30AEA91 /* Build configuration list for PBXNativeTarget "Sorted" */;
			buildPhases = (
				22F21CF285DACC172D10708D /* Sources */,
				9047DCF3B20A701A66C29B05 /* Resources */,
			);
			buildRules = (
			);
			dependencies = (
			);
			name = Sorted;
			packageProductDependencies = (
			);
			productName = Sorted;
			productReference = 1104A5CAB24B0BCB3D66C940 /* Sorted.app */;
			productType = "com.apple.product-type.application";
		};
/* End PBXNativeTarget section */

/* Begin PBXProject section */
		E846D9CAA04B6175F3211A7B /* Project object */ = {
			isa = PBXProject;
			attributes = {
				BuildIndependentTargetsInParallel = YES;
				LastUpgradeCheck = 1430;
				TargetAttributes = {
					1F2D7EFA683C88BA3C938B91 = {
						DevelopmentTeam = A9K8GZ46Y9;
						ProvisioningStyle = Automatic;
					};
				};
			};
			buildConfigurationList = 9CC856BDEF969BB097DFEF6F /* Build configuration list for PBXProject "Sorted" */;
			developmentRegion = en;
			hasScannedForEncodings = 0;
			knownRegions = (
				Base,
				en,
			);
			mainGroup = 9CA50D8C88455813B9CD7E2B;
			minimizedProjectReferenceProxies = 1;
			preferredProjectObjectVersion = 77;
			productRefGroup = 6AE392080F66895B54022CA7 /* Products */;
			projectDirPath = "";
			projectRoot = "";
			targets = (
				1F2D7EFA683C88BA3C938B91 /* Sorted */,
			);
		};
/* End PBXProject section */

/* Begin PBXResourcesBuildPhase section */
		9047DCF3B20A701A66C29B05 /* Resources */ = {
			isa = PBXResourcesBuildPhase;
			buildActionMask = 2147483647;
			files = (
				8583CF052E3B2BC7022E39E0 /* Assets.xcassets in Resources */,
			);
			runOnlyForDeploymentPostprocessing = 0;
		};
/* End PBXResourcesBuildPhase section */

/* Begin PBXSourcesBuildPhase section */
		22F21CF285DACC172D10708D /* Sources */ = {
			isa = PBXSourcesBuildPhase;
			buildActionMask = 2147483647;
			files = (
				450F1F16264BFDA7ECC7933C /* AIPrioritizer.swift in Sources */,
				1A2843EEBDC7EC9986F09A40 /* AppSettings.swift in Sources */,
				ECC34362BB035DAF52CDE056 /* ContentView.swift in Sources */,
				70F70DA84511AF3115320F97 /* FaceOffLog.swift in Sources */,
				D20F1C7F0F0D71FAFC440248 /* FaceOffView.swift in Sources */,
				C722E991153F6ACF120AA3C9 /* HomeView.swift in Sources */,
				55D1FA7CB13DD57E3019FEF2 /* ImportanceCache.swift in Sources */,
				C2168EDFAA01CF00664405DF /* ImportanceTiers.swift in Sources */,
				EEC58418A3C3F8F7DFA976C5 /* PreferenceLog.swift in Sources */,
				DE451B2E2B58A1DF2F994470 /* RankedOrder.swift in Sources */,
				E2B50D8518A86383809CCAF5 /* Ranker.swift in Sources */,
				60F0D99756775EF483CCE246 /* RankerKind.swift in Sources */,
				C9E93EB4F05025366B2529BE /* ReminderItem.swift in Sources */,
				856315891292D0FE3903A50A /* ReminderListView.swift in Sources */,
				83D2EA89B9C4904A2CC3BEE2 /* ReminderRow.swift in Sources */,
				EDD0B5E3FF0738749ED90B00 /* RemindersService.swift in Sources */,
				674C7280DCBC8D63722B38CC /* RemindersViewModel.swift in Sources */,
				E63A34BE4BCA18BC8D5141E7 /* SettingsView.swift in Sources */,
				11B3A3273E5D8D9990822608 /* SnoozeUnit.swift in Sources */,
				7DD025B265A0ABC27C5BEFC6 /* SortedApp.swift in Sources */,
				B57258E92E2F7FFA82C97713 /* TopOrderCache.swift in Sources */,
				D43A7238417DE9D14CD09110 /* TrainingLog.swift in Sources */,
				5377C512C43CC1FC3A914C3B /* UrgencyScorer.swift in Sources */,
			);
			runOnlyForDeploymentPostprocessing = 0;
		};
/* End PBXSourcesBuildPhase section */

/* Begin XCBuildConfiguration section */
		385AF3C852D25564C88D9FAA /* Debug */ = {
			isa = XCBuildConfiguration;
			buildSettings = {
				ALWAYS_SEARCH_USER_PATHS = NO;
				CLANG_ANALYZER_NONNULL = YES;
				CLANG_ANALYZER_NUMBER_OBJECT_CONVERSION = YES_AGGRESSIVE;
				CLANG_CXX_LANGUAGE_STANDARD = "gnu++14";
				CLANG_CXX_LIBRARY = "libc++";
				CLANG_ENABLE_MODULES = YES;
				CLANG_ENABLE_OBJC_ARC = YES;
				CLANG_ENABLE_OBJC_WEAK = YES;
				CLANG_WARN_BLOCK_CAPTURE_AUTORELEASING = YES;
				CLANG_WARN_BOOL_CONVERSION = YES;
				CLANG_WARN_COMMA = YES;
				CLANG_WARN_CONSTANT_CONVERSION = YES;
				CLANG_WARN_DEPRECATED_OBJC_IMPLEMENTATIONS = YES;
				CLANG_WARN_DIRECT_OBJC_ISA_USAGE = YES_ERROR;
				CLANG_WARN_DOCUMENTATION_COMMENTS = YES;
				CLANG_WARN_EMPTY_BODY = YES;
				CLANG_WARN_ENUM_CONVERSION = YES;
				CLANG_WARN_INFINITE_RECURSION = YES;
				CLANG_WARN_INT_CONVERSION = YES;
				CLANG_WARN_NON_LITERAL_NULL_CONVERSION = YES;
				CLANG_WARN_OBJC_IMPLICIT_RETAIN_SELF = YES;
				CLANG_WARN_OBJC_LITERAL_CONVERSION = YES;
				CLANG_WARN_OBJC_ROOT_CLASS = YES_ERROR;
				CLANG_WARN_QUOTED_INCLUDE_IN_FRAMEWORK_HEADER = YES;
				CLANG_WARN_RANGE_LOOP_ANALYSIS = YES;
				CLANG_WARN_STRICT_PROTOTYPES = YES;
				CLANG_WARN_SUSPICIOUS_MOVE = YES;
				CLANG_WARN_UNGUARDED_AVAILABILITY = YES_AGGRESSIVE;
				CLANG_WARN_UNREACHABLE_CODE = YES;
				CLANG_WARN__DUPLICATE_METHOD_MATCH = YES;
				COPY_PHASE_STRIP = NO;
				DEBUG_INFORMATION_FORMAT = dwarf;
				ENABLE_STRICT_OBJC_MSGSEND = YES;
				ENABLE_TESTABILITY = YES;
				GCC_C_LANGUAGE_STANDARD = gnu11;
				GCC_DYNAMIC_NO_PIC = NO;
				GCC_NO_COMMON_BLOCKS = YES;
				GCC_OPTIMIZATION_LEVEL = 0;
				GCC_PREPROCESSOR_DEFINITIONS = (
					"$(inherited)",
					"DEBUG=1",
				);
				GCC_WARN_64_TO_32_BIT_CONVERSION = YES;
				GCC_WARN_ABOUT_RETURN_TYPE = YES_ERROR;
				GCC_WARN_UNDECLARED_SELECTOR = YES;
				GCC_WARN_UNINITIALIZED_AUTOS = YES_AGGRESSIVE;
				GCC_WARN_UNUSED_FUNCTION = YES;
				GCC_WARN_UNUSED_VARIABLE = YES;
				IPHONEOS_DEPLOYMENT_TARGET = 26.0;
				MTL_ENABLE_DEBUG_INFO = INCLUDE_SOURCE;
				MTL_FAST_MATH = YES;
				ONLY_ACTIVE_ARCH = YES;
				PRODUCT_NAME = "$(TARGET_NAME)";
				SDKROOT = iphoneos;
				SWIFT_ACTIVE_COMPILATION_CONDITIONS = DEBUG;
				SWIFT_OPTIMIZATION_LEVEL = "-Onone";
				SWIFT_VERSION = 5.0;
			};
			name = Debug;
		};
		5A72EB4F8D295A24CA4C883A /* Release */ = {
			isa = XCBuildConfiguration;
			buildSettings = {
				ASSETCATALOG_COMPILER_APPICON_NAME = AppIcon;
				ASSETCATALOG_COMPILER_GENERATE_ASSET_SYMBOLS = NO;
				CODE_SIGN_IDENTITY = "iPhone Developer";
				CODE_SIGN_STYLE = Automatic;
				CURRENT_PROJECT_VERSION = 1;
				DEVELOPMENT_TEAM = A9K8GZ46Y9;
				ENABLE_HARDENED_RUNTIME = YES;
				GENERATE_INFOPLIST_FILE = NO;
				INFOPLIST_FILE = Generated/Info.plist;
				IPHONEOS_DEPLOYMENT_TARGET = 26.0;
				LD_RUNPATH_SEARCH_PATHS = (
					"$(inherited)",
					"@executable_path/Frameworks",
				);
				MARKETING_VERSION = 1.0;
				PRODUCT_BUNDLE_IDENTIFIER = com.mattbryson.Sorted.iOS;
				SDKROOT = iphoneos;
				SWIFT_VERSION = 6.0;
				TARGETED_DEVICE_FAMILY = "1,2";
			};
			name = Release;
		};
		710627B7A6955A6DA8048B53 /* Release */ = {
			isa = XCBuildConfiguration;
			buildSettings = {
				ALWAYS_SEARCH_USER_PATHS = NO;
				CLANG_ANALYZER_NONNULL = YES;
				CLANG_ANALYZER_NUMBER_OBJECT_CONVERSION = YES_AGGRESSIVE;
				CLANG_CXX_LANGUAGE_STANDARD = "gnu++14";
				CLANG_CXX_LIBRARY = "libc++";
				CLANG_ENABLE_MODULES = YES;
				CLANG_ENABLE_OBJC_ARC = YES;
				CLANG_ENABLE_OBJC_WEAK = YES;
				CLANG_WARN_BLOCK_CAPTURE_AUTORELEASING = YES;
				CLANG_WARN_BOOL_CONVERSION = YES;
				CLANG_WARN_COMMA = YES;
				CLANG_WARN_CONSTANT_CONVERSION = YES;
				CLANG_WARN_DEPRECATED_OBJC_IMPLEMENTATIONS = YES;
				CLANG_WARN_DIRECT_OBJC_ISA_USAGE = YES_ERROR;
				CLANG_WARN_DOCUMENTATION_COMMENTS = YES;
				CLANG_WARN_EMPTY_BODY = YES;
				CLANG_WARN_ENUM_CONVERSION = YES;
				CLANG_WARN_INFINITE_RECURSION = YES;
				CLANG_WARN_INT_CONVERSION = YES;
				CLANG_WARN_NON_LITERAL_NULL_CONVERSION = YES;
				CLANG_WARN_OBJC_IMPLICIT_RETAIN_SELF = YES;
				CLANG_WARN_OBJC_LITERAL_CONVERSION = YES;
				CLANG_WARN_OBJC_ROOT_CLASS = YES_ERROR;
				CLANG_WARN_QUOTED_INCLUDE_IN_FRAMEWORK_HEADER = YES;
				CLANG_WARN_RANGE_LOOP_ANALYSIS = YES;
				CLANG_WARN_STRICT_PROTOTYPES = YES;
				CLANG_WARN_SUSPICIOUS_MOVE = YES;
				CLANG_WARN_UNGUARDED_AVAILABILITY = YES_AGGRESSIVE;
				CLANG_WARN_UNREACHABLE_CODE = YES;
				CLANG_WARN__DUPLICATE_METHOD_MATCH = YES;
				COPY_PHASE_STRIP = NO;
				DEBUG_INFORMATION_FORMAT = "dwarf-with-dsym";
				ENABLE_NS_ASSERTIONS = NO;
				ENABLE_STRICT_OBJC_MSGSEND = YES;
				GCC_C_LANGUAGE_STANDARD = gnu11;
				GCC_NO_COMMON_BLOCKS = YES;
				GCC_WARN_64_TO_32_BIT_CONVERSION = YES;
				GCC_WARN_ABOUT_RETURN_TYPE = YES_ERROR;
				GCC_WARN_UNDECLARED_SELECTOR = YES;
				GCC_WARN_UNINITIALIZED_AUTOS = YES_AGGRESSIVE;
				GCC_WARN_UNUSED_FUNCTION = YES;
				GCC_WARN_UNUSED_VARIABLE = YES;
				IPHONEOS_DEPLOYMENT_TARGET = 26.0;
				MTL_ENABLE_DEBUG_INFO = NO;
				MTL_FAST_MATH = YES;
				PRODUCT_NAME = "$(TARGET_NAME)";
				SDKROOT = iphoneos;
				SWIFT_COMPILATION_MODE = wholemodule;
				SWIFT_OPTIMIZATION_LEVEL = "-O";
				SWIFT_VERSION = 5.0;
			};
			name = Release;
		};
		753991C3669BAC238146B2AC /* Debug */ = {
			isa = XCBuildConfiguration;
			buildSettings = {
				ASSETCATALOG_COMPILER_APPICON_NAME = AppIcon;
				ASSETCATALOG_COMPILER_GENERATE_ASSET_SYMBOLS = NO;
				CODE_SIGN_IDENTITY = "iPhone Developer";
				CODE_SIGN_STYLE = Automatic;
				CURRENT_PROJECT_VERSION = 1;
				DEVELOPMENT_TEAM = A9K8GZ46Y9;
				ENABLE_HARDENED_RUNTIME = YES;
				GENERATE_INFOPLIST_FILE = NO;
				INFOPLIST_FILE = Generated/Info.plist;
				IPHONEOS_DEPLOYMENT_TARGET = 26.0;
				LD_RUNPATH_SEARCH_PATHS = (
					"$(inherited)",
					"@executable_path/Frameworks",
				);
				MARKETING_VERSION = 1.0;
				PRODUCT_BUNDLE_IDENTIFIER = com.mattbryson.Sorted.iOS;
				SDKROOT = iphoneos;
				SWIFT_VERSION = 6.0;
				TARGETED_DEVICE_FAMILY = "1,2";
			};
			name = Debug;
		};
/* End XCBuildConfiguration section */

/* Begin XCConfigurationList section */
		074A288056F7789BC30AEA91 /* Build configuration list for PBXNativeTarget "Sorted" */ = {
			isa = XCConfigurationList;
			buildConfigurations = (
				753991C3669BAC238146B2AC /* Debug */,
				5A72EB4F8D295A24CA4C883A /* Release */,
			);
			defaultConfigurationIsVisible = 0;
			defaultConfigurationName = Debug;
		};
		9CC856BDEF969BB097DFEF6F /* Build configuration list for PBXProject "Sorted" */ = {
			isa = XCConfigurationList;
			buildConfigurations = (
				385AF3C852D25564C88D9FAA /* Debug */,
				710627B7A6955A6DA8048B53 /* Release */,
			);
			defaultConfigurationIsVisible = 0;
			defaultConfigurationName = Debug;
		};
/* End XCConfigurationList section */
	};
	rootObject = E846D9CAA04B6175F3211A7B /* Project object */;
}
