// !$*UTF8*$!
{
	archiveVersion = 1;
	classes = {
	};
	objectVersion = 77;
	objects = {

/* Begin PBXBuildFile section */
		04632BE01EF08562FB27EE7A /* AppSettings.swift in Sources */ = {isa = PBXBuildFile; fileRef = 5BA9B234963497B6B2A44014 /* AppSettings.swift */; };
		093AE4C19BFDB95D76954248 /* UrgencyScorer.swift in Sources */ = {isa = PBXBuildFile; fileRef = 7F9E944B03E41747CAC45733 /* UrgencyScorer.swift */; };
		126C06520A52B3B3B42F8C13 /* TopOrderCache.swift in Sources */ = {isa = PBXBuildFile; fileRef = 85B7DDC14B2643BED04873B9 /* TopOrderCache.swift */; };
		132F09F1A247EED4EA4491CC /* MLXRanker.swift in Sources */ = {isa = PBXBuildFile; fileRef = E94998436AF1EA3B6F205102 /* MLXRanker.swift */; };
		1F2B40211FA4BDB36F4BF354 /* RemindersService.swift in Sources */ = {isa = PBXBuildFile; fileRef = 089B4E3366C54DC49AC6D6C2 /* RemindersService.swift */; };
		26CDAC4A4CAF7AF32ED4FF9E /* MLXLMCommon in Frameworks */ = {isa = PBXBuildFile; productRef = 14C57C606C3531FFBA3AC7B3 /* MLXLMCommon */; };
		2E5051F41077D00480DA0239 /* MLXRanker.swift in Sources */ = {isa = PBXBuildFile; fileRef = E94998436AF1EA3B6F205102 /* MLXRanker.swift */; };
		3158CE71FA4CDC8B9E0AE67C /* SnoozeUnit.swift in Sources */ = {isa = PBXBuildFile; fileRef = B5F0FB021B6751D3AFBA0E17 /* SnoozeUnit.swift */; };
		3213408ED5F3E36601464586 /* AIPrioritizer.swift in Sources */ = {isa = PBXBuildFile; fileRef = EF9265A2292E574DA65BE166 /* AIPrioritizer.swift */; };
		38031F975B6C718D7A616235 /* ReminderItem.swift in Sources */ = {isa = PBXBuildFile; fileRef = BCBD294859A6A5134C4230B6 /* ReminderItem.swift */; };
		3CC4B24E70DEA74B410C8B93 /* RankerKind.swift in Sources */ = {isa = PBXBuildFile; fileRef = C69BBBB0070EBF331EA75671 /* RankerKind.swift */; };
		4FB69A48F5DD40776B4EF9AF /* Ranker.swift in Sources */ = {isa = PBXBuildFile; fileRef = CFD64CB3DC9F7CE69E65746B /* Ranker.swift */; };
		5A128D717FA4958A2AEE5778 /* FaceOffView.swift in Sources */ = {isa = PBXBuildFile; fileRef = 784D74A9F06C178AA9F809C8 /* FaceOffView.swift */; };
		7A1F5F0A21E109CCFF48C02A /* PreferenceLog.swift in Sources */ = {isa = PBXBuildFile; fileRef = 9746A2A1E17E63718E59D227 /* PreferenceLog.swift */; };
		7B58720A1F8582EB21CFF2B0 /* ReminderRow.swift in Sources */ = {isa = PBXBuildFile; fileRef = 0DF0ECF2F190B3426BB9098E /* ReminderRow.swift */; };
		7DD025B265A0ABC27C5BEFC6 /* SortedApp.swift in Sources */ = {isa = PBXBuildFile; fileRef = E98742920F1419F7B062F785 /* SortedApp.swift */; };
		8583CF052E3B2BC7022E39E0 /* Assets.xcassets in Resources */ = {isa = PBXBuildFile; fileRef = 6B8A1A5A455A4C9C0B200925 /* Assets.xcassets */; };
		8C5229251C840AC86777F228 /* RemindersViewModel.swift in Sources */ = {isa = PBXBuildFile; fileRef = ECAADEE6E79143A38D886901 /* RemindersViewModel.swift */; };
		90743D988D046263F4303A9E /* RankedOrder.swift in Sources */ = {isa = PBXBuildFile; fileRef = B446E770F7E95AD09D7801B4 /* RankedOrder.swift */; };
		9C48DBDFA8D42F28FFE09062 /* TrainingLog.swift in Sources */ = {isa = PBXBuildFile; fileRef = D1B5BF0FCEE1A5EF3E98C38D /* TrainingLog.swift */; };
		A4573FD3367C577F6B9F54EF /* ImportanceTiers.swift in Sources */ = {isa = PBXBuildFile; fileRef = 7C80D681E72D8795CE785312 /* ImportanceTiers.swift */; };
		A4E9C74BBA5F6E2765EFA151 /* UrgencyScorer.swift in Sources */ = {isa = PBXBuildFile; fileRef = 7F9E944B03E41747CAC45733 /* UrgencyScorer.swift */; };
		AC52BCA29D3F5FF1628E1DC8 /* ReminderItem.swift in Sources */ = {isa = PBXBuildFile; fileRef = BCBD294859A6A5134C4230B6 /* ReminderItem.swift */; };
		B8923F34F89036D272F2B2E4 /* MLXRankerTests.swift in Sources */ = {isa = PBXBuildFile; fileRef = 5990ED4FE6E6E29770031793 /* MLXRankerTests.swift */; };
		C224904E5695DFB98052A904 /* FaceOffLog.swift in Sources */ = {isa = PBXBuildFile; fileRef = 07C43D9F9C781A0847467CFA /* FaceOffLog.swift */; };
		C722E991153F6ACF120AA3C9 /* HomeView.swift in Sources */ = {isa = PBXBuildFile; fileRef = 3A47A9B55D44837C71799931 /* HomeView.swift */; };
		D996F9830EC88F9AF3E1CF1B /* MLXLLM in Frameworks */ = {isa = PBXBuildFile; productRef = 349E14B64E353AE1944B942E /* MLXLLM */; };
		DD74B0406F65F156043CAB87 /* ImportanceTiers.swift in Sources */ = {isa = PBXBuildFile; fileRef = 7C80D681E72D8795CE785312 /* ImportanceTiers.swift */; };
		E2F56FF8EE86333E64B905B9 /* ImportanceCache.swift in Sources */ = {isa = PBXBuildFile; fileRef = 9DE4C4EDFD853C2D49185FFF /* ImportanceCache.swift */; };
		E63A34BE4BCA18BC8D5141E7 /* SettingsView.swift in Sources */ = {isa = PBXBuildFile; fileRef = D70AF91A9B5719B2B3F49369 /* SettingsView.swift */; };
		ECC34362BB035DAF52CDE056 /* ContentView.swift in Sources */ = {isa = PBXBuildFile; fileRef = 97BDAEC175A8E8F3BE5B2CD5 /* ContentView.swift */; };
		EE51C56A4C3D22C8F0BB51D4 /* UrgencyScorerTests.swift in Sources */ = {isa = PBXBuildFile; fileRef = 786B85AE0C641FB8E943025A /* UrgencyScorerTests.swift */; };
		FB45AC4BCE29D6F1D303E6AA /* ReminderListView.swift in Sources */ = {isa = PBXBuildFile; fileRef = C38EBB3EB77EF6A0F5CDA402 /* ReminderListView.swift */; };
/* End PBXBuildFile section */

/* Begin PBXFileReference section */
		07C43D9F9C781A0847467CFA /* FaceOffLog.swift */ = {isa = PBXFileReference; lastKnownFileType = sourcecode.swift; path = FaceOffLog.swift; sourceTree = "<group>"; };
		089B4E3366C54DC49AC6D6C2 /* RemindersService.swift */ = {isa = PBXFileReference; lastKnownFileType = sourcecode.swift; path = RemindersService.swift; sourceTree = "<group>"; };
		0DF0ECF2F190B3426BB9098E /* ReminderRow.swift */ = {isa = PBXFileReference; lastKnownFileType = sourcecode.swift; path = ReminderRow.swift; sourceTree = "<group>"; };
		1104A5CAB24B0BCB3D66C940 /* Sorted.app */ = {isa = PBXFileReference; explicitFileType = wrapper.application; includeInIndex = 0; path = Sorted.app; sourceTree = BUILT_PRODUCTS_DIR; };
		3A47A9B55D44837C71799931 /* HomeView.swift */ = {isa = PBXFileReference; lastKnownFileType = sourcecode.swift; path = HomeView.swift; sourceTree = "<group>"; };
		42793CA49269F6D0E998BC2B /* SortedTests.xctest */ = {isa = PBXFileReference; explicitFileType = wrapper.cfbundle; includeInIndex = 0; path = SortedTests.xctest; sourceTree = BUILT_PRODUCTS_DIR; };
		5990ED4FE6E6E29770031793 /* MLXRankerTests.swift */ = {isa = PBXFileReference; lastKnownFileType = sourcecode.swift; path = MLXRankerTests.swift; sourceTree = "<group>"; };
		5BA9B234963497B6B2A44014 /* AppSettings.swift */ = {isa = PBXFileReference; lastKnownFileType = sourcecode.swift; path = AppSettings.swift; sourceTree = "<group>"; };
		6B8A1A5A455A4C9C0B200925 /* Assets.xcassets */ = {isa = PBXFileReference; lastKnownFileType = folder.assetcatalog; path = Assets.xcassets; sourceTree = "<group>"; };
		784D74A9F06C178AA9F809C8 /* FaceOffView.swift */ = {isa = PBXFileReference; lastKnownFileType = sourcecode.swift; path = FaceOffView.swift; sourceTree = "<group>"; };
		786B85AE0C641FB8E943025A /* UrgencyScorerTests.swift */ = {isa = PBXFileReference; lastKnownFileType = sourcecode.swift; path = UrgencyScorerTests.swift; sourceTree = "<group>"; };
		7C80D681E72D8795CE785312 /* ImportanceTiers.swift */ = {isa = PBXFileReference; lastKnownFileType = sourcecode.swift; path = ImportanceTiers.swift; sourceTree = "<group>"; };
		7F9E944B03E41747CAC45733 /* UrgencyScorer.swift */ = {isa = PBXFileReference; lastKnownFileType = sourcecode.swift; path = UrgencyScorer.swift; sourceTree = "<group>"; };
		85B7DDC14B2643BED04873B9 /* TopOrderCache.swift */ = {isa = PBXFileReference; lastKnownFileType = sourcecode.swift; path = TopOrderCache.swift; sourceTree = "<group>"; };
		9746A2A1E17E63718E59D227 /* PreferenceLog.swift */ = {isa = PBXFileReference; lastKnownFileType = sourcecode.swift; path = PreferenceLog.swift; sourceTree = "<group>"; };
		97BDAEC175A8E8F3BE5B2CD5 /* ContentView.swift */ = {isa = PBXFileReference; lastKnownFileType = sourcecode.swift; path = ContentView.swift; sourceTree = "<group>"; };
		9DE4C4EDFD853C2D49185FFF /* ImportanceCache.swift */ = {isa = PBXFileReference; lastKnownFileType = sourcecode.swift; path = ImportanceCache.swift; sourceTree = "<group>"; };
		B446E770F7E95AD09D7801B4 /* RankedOrder.swift */ = {isa = PBXFileReference; lastKnownFileType = sourcecode.swift; path = RankedOrder.swift; sourceTree = "<group>"; };
		B5F0FB021B6751D3AFBA0E17 /* SnoozeUnit.swift */ = {isa = PBXFileReference; lastKnownFileType = sourcecode.swift; path = SnoozeUnit.swift; sourceTree = "<group>"; };
		BCBD294859A6A5134C4230B6 /* ReminderItem.swift */ = {isa = PBXFileReference; lastKnownFileType = sourcecode.swift; path = ReminderItem.swift; sourceTree = "<group>"; };
		C38EBB3EB77EF6A0F5CDA402 /* ReminderListView.swift */ = {isa = PBXFileReference; lastKnownFileType = sourcecode.swift; path = ReminderListView.swift; sourceTree = "<group>"; };
		C69BBBB0070EBF331EA75671 /* RankerKind.swift */ = {isa = PBXFileReference; lastKnownFileType = sourcecode.swift; path = RankerKind.swift; sourceTree = "<group>"; };
		CFD64CB3DC9F7CE69E65746B /* Ranker.swift */ = {isa = PBXFileReference; lastKnownFileType = sourcecode.swift; path = Ranker.swift; sourceTree = "<group>"; };
		D1B5BF0FCEE1A5EF3E98C38D /* TrainingLog.swift */ = {isa = PBXFileReference; lastKnownFileType = sourcecode.swift; path = TrainingLog.swift; sourceTree = "<group>"; };
		D70AF91A9B5719B2B3F49369 /* SettingsView.swift */ = {isa = PBXFileReference; lastKnownFileType = sourcecode.swift; path = SettingsView.swift; sourceTree = "<group>"; };
		E94998436AF1EA3B6F205102 /* MLXRanker.swift */ = {isa = PBXFileReference; lastKnownFileType = sourcecode.swift; path = MLXRanker.swift; sourceTree = "<group>"; };
		E98742920F1419F7B062F785 /* SortedApp.swift */ = {isa = PBXFileReference; lastKnownFileType = sourcecode.swift; path = SortedApp.swift; sourceTree = "<group>"; };
		ECAADEE6E79143A38D886901 /* RemindersViewModel.swift */ = {isa = PBXFileReference; lastKnownFileType = sourcecode.swift; path = RemindersViewModel.swift; sourceTree = "<group>"; };
		EF9265A2292E574DA65BE166 /* AIPrioritizer.swift */ = {isa = PBXFileReference; lastKnownFileType = sourcecode.swift; path = AIPrioritizer.swift; sourceTree = "<group>"; };
/* End PBXFileReference section */

/* Begin PBXFrameworksBuildPhase section */
		4910E2596DCCAFEAF7995D09 /* Frameworks */ = {
			isa = PBXFrameworksBuildPhase;
			buildActionMask = 2147483647;
			files = (
				D996F9830EC88F9AF3E1CF1B /* MLXLLM in Frameworks */,
				26CDAC4A4CAF7AF32ED4FF9E /* MLXLMCommon in Frameworks */,
			);
			runOnlyForDeploymentPostprocessing = 0;
		};
/* End PBXFrameworksBuildPhase section */

/* Begin PBXGroup section */
		03B73C2106DE469F7A51C910 /* Models */ = {
			isa = PBXGroup;
			children = (
				7C80D681E72D8795CE785312 /* ImportanceTiers.swift */,
				B446E770F7E95AD09D7801B4 /* RankedOrder.swift */,
				BCBD294859A6A5134C4230B6 /* ReminderItem.swift */,
				B5F0FB021B6751D3AFBA0E17 /* SnoozeUnit.swift */,
			);
			path = Models;
			sourceTree = "<group>";
		};
		03DC16E1D43E98759650C816 /* Tests */ = {
			isa = PBXGroup;
			children = (
				5990ED4FE6E6E29770031793 /* MLXRankerTests.swift */,
				786B85AE0C641FB8E943025A /* UrgencyScorerTests.swift */,
			);
			path = Tests;
			sourceTree = "<group>";
		};
		6AE392080F66895B54022CA7 /* Products */ = {
			isa = PBXGroup;
			children = (
				1104A5CAB24B0BCB3D66C940 /* Sorted.app */,
				42793CA49269F6D0E998BC2B /* SortedTests.xctest */,
			);
			name = Products;
			sourceTree = "<group>";
		};
		6D3072344299F163075A5B42 /* Services */ = {
			isa = PBXGroup;
			children = (
				EF9265A2292E574DA65BE166 /* AIPrioritizer.swift */,
				07C43D9F9C781A0847467CFA /* FaceOffLog.swift */,
				9DE4C4EDFD853C2D49185FFF /* ImportanceCache.swift */,
				E94998436AF1EA3B6F205102 /* MLXRanker.swift */,
				9746A2A1E17E63718E59D227 /* PreferenceLog.swift */,
				CFD64CB3DC9F7CE69E65746B /* Ranker.swift */,
				C69BBBB0070EBF331EA75671 /* RankerKind.swift */,
				089B4E3366C54DC49AC6D6C2 /* RemindersService.swift */,
				85B7DDC14B2643BED04873B9 /* TopOrderCache.swift */,
				D1B5BF0FCEE1A5EF3E98C38D /* TrainingLog.swift */,
				7F9E944B03E41747CAC45733 /* UrgencyScorer.swift */,
			);
			path = Services;
			sourceTree = "<group>";
		};
		6FF441E7EA03486386131874 /* App */ = {
			isa = PBXGroup;
			children = (
				E98742920F1419F7B062F785 /* SortedApp.swift */,
			);
			path = App;
			sourceTree = "<group>";
		};
		747C5D96F0299A84B8AEDC62 /* Shared */ = {
			isa = PBXGroup;
			children = (
				03B73C2106DE469F7A51C910 /* Models */,
				6D3072344299F163075A5B42 /* Services */,
				7E198B58E2AC1EDEEFF4E1A8 /* ViewModels */,
				B2BEB781C6F2BE7C7083B40A /* Views */,
			);
			path = Shared;
			sourceTree = "<group>";
		};
		7E198B58E2AC1EDEEFF4E1A8 /* ViewModels */ = {
			isa = PBXGroup;
			children = (
				5BA9B234963497B6B2A44014 /* AppSettings.swift */,
				ECAADEE6E79143A38D886901 /* RemindersViewModel.swift */,
			);
			path = ViewModels;
			sourceTree = "<group>";
		};
		9CA50D8C88455813B9CD7E2B = {
			isa = PBXGroup;
			children = (
				DE478BE534E957968143542A /* Sorted */,
				A4B477956E4217A8A8CC61D6 /* sorted-ab-mlx */,
				03DC16E1D43E98759650C816 /* Tests */,
				6AE392080F66895B54022CA7 /* Products */,
			);
			sourceTree = "<group>";
		};
		A4B477956E4217A8A8CC61D6 /* sorted-ab-mlx */ = {
			isa = PBXGroup;
			children = (
				747C5D96F0299A84B8AEDC62 /* Shared */,
			);
			name = "sorted-ab-mlx";
			path = ..;
			sourceTree = "<group>";
		};
		B2BEB781C6F2BE7C7083B40A /* Views */ = {
			isa = PBXGroup;
			children = (
				784D74A9F06C178AA9F809C8 /* FaceOffView.swift */,
				C38EBB3EB77EF6A0F5CDA402 /* ReminderListView.swift */,
				0DF0ECF2F190B3426BB9098E /* ReminderRow.swift */,
			);
			path = Views;
			sourceTree = "<group>";
		};
		DE478BE534E957968143542A /* Sorted */ = {
			isa = PBXGroup;
			children = (
				6B8A1A5A455A4C9C0B200925 /* Assets.xcassets */,
				6FF441E7EA03486386131874 /* App */,
				E702350EFD4FE08813DF159B /* Views */,
			);
			path = Sorted;
			sourceTree = "<group>";
		};
		E702350EFD4FE08813DF159B /* Views */ = {
			isa = PBXGroup;
			children = (
				97BDAEC175A8E8F3BE5B2CD5 /* ContentView.swift */,
				3A47A9B55D44837C71799931 /* HomeView.swift */,
				D70AF91A9B5719B2B3F49369 /* SettingsView.swift */,
			);
			path = Views;
			sourceTree = "<group>";
		};
/* End PBXGroup section */

/* Begin PBXNativeTarget section */
		1F2D7EFA683C88BA3C938B91 /* Sorted */ = {
			isa = PBXNativeTarget;
			buildConfigurationList = 074A288056F7789BC30AEA91 /* Build configuration list for PBXNativeTarget "Sorted" */;
			buildPhases = (
				22F21CF285DACC172D10708D /* Sources */,
				9047DCF3B20A701A66C29B05 /* Resources */,
				4910E2596DCCAFEAF7995D09 /* Frameworks */,
			);
			buildRules = (
			);
			dependencies = (
			);
			name = Sorted;
			packageProductDependencies = (
				349E14B64E353AE1944B942E /* MLXLLM */,
				14C57C606C3531FFBA3AC7B3 /* MLXLMCommon */,
			);
			productName = Sorted;
			productReference = 1104A5CAB24B0BCB3D66C940 /* Sorted.app */;
			productType = "com.apple.product-type.application";
		};
		640015EE4D865DFFD2FEABD0 /* SortedTests */ = {
			isa = PBXNativeTarget;
			buildConfigurationList = 0CEE500B7C8E5F8BDB541404 /* Build configuration list for PBXNativeTarget "SortedTests" */;
			buildPhases = (
				AB8AF5827930918C8689CD55 /* Sources */,
			);
			buildRules = (
			);
			dependencies = (
			);
			name = SortedTests;
			packageProductDependencies = (
			);
			productName = SortedTests;
			productReference = 42793CA49269F6D0E998BC2B /* SortedTests.xctest */;
			productType = "com.apple.product-type.bundle.unit-test";
		};
/* End PBXNativeTarget section */

/* Begin PBXProject section */
		E846D9CAA04B6175F3211A7B /* Project object */ = {
			isa = PBXProject;
			attributes = {
				BuildIndependentTargetsInParallel = YES;
				LastUpgradeCheck = 1430;
				TargetAttributes = {
					1F2D7EFA683C88BA3C938B91 = {
						DevelopmentTeam = A9K8GZ46Y9;
						ProvisioningStyle = Automatic;
					};
				};
			};
			buildConfigurationList = 9CC856BDEF969BB097DFEF6F /* Build configuration list for PBXProject "Sorted" */;
			developmentRegion = en;
			hasScannedForEncodings = 0;
			knownRegions = (
				Base,
				en,
			);
			mainGroup = 9CA50D8C88455813B9CD7E2B;
			minimizedProjectReferenceProxies = 1;
			packageReferences = (
				2BFAF8A17F1843290B2D5AC6 /* XCRemoteSwiftPackageReference "mlx-swift-examples" */,
				434B2B48792430EEE50EC640 /* XCRemoteSwiftPackageReference "swift-jinja" */,
				75AC3073F6F1CD62BE3E8BD3 /* XCRemoteSwiftPackageReference "swift-transformers" */,
			);
			preferredProjectObjectVersion = 77;
			productRefGroup = 6AE392080F66895B54022CA7 /* Products */;
			projectDirPath = "";
			projectRoot = "";
			targets = (
				1F2D7EFA683C88BA3C938B91 /* Sorted */,
				640015EE4D865DFFD2FEABD0 /* SortedTests */,
			);
		};
/* End PBXProject section */

/* Begin PBXResourcesBuildPhase section */
		9047DCF3B20A701A66C29B05 /* Resources */ = {
			isa = PBXResourcesBuildPhase;
			buildActionMask = 2147483647;
			files = (
				8583CF052E3B2BC7022E39E0 /* Assets.xcassets in Resources */,
			);
			runOnlyForDeploymentPostprocessing = 0;
		};
/* End PBXResourcesBuildPhase section */

/* Begin PBXSourcesBuildPhase section */
		22F21CF285DACC172D10708D /* Sources */ = {
			isa = PBXSourcesBuildPhase;
			buildActionMask = 2147483647;
			files = (
				3213408ED5F3E36601464586 /* AIPrioritizer.swift in Sources */,
				04632BE01EF08562FB27EE7A /* AppSettings.swift in Sources */,
				ECC34362BB035DAF52CDE056 /* ContentView.swift in Sources */,
				C224904E5695DFB98052A904 /* FaceOffLog.swift in Sources */,
				5A128D717FA4958A2AEE5778 /* FaceOffView.swift in Sources */,
				C722E991153F6ACF120AA3C9 /* HomeView.swift in Sources */,
				E2F56FF8EE86333E64B905B9 /* ImportanceCache.swift in Sources */,
				DD74B0406F65F156043CAB87 /* ImportanceTiers.swift in Sources */,
				132F09F1A247EED4EA4491CC /* MLXRanker.swift in Sources */,
				7A1F5F0A21E109CCFF48C02A /* PreferenceLog.swift in Sources */,
				90743D988D046263F4303A9E /* RankedOrder.swift in Sources */,
				4FB69A48F5DD40776B4EF9AF /* Ranker.swift in Sources */,
				3CC4B24E70DEA74B410C8B93 /* RankerKind.swift in Sources */,
				AC52BCA29D3F5FF1628E1DC8 /* ReminderItem.swift in Sources */,
				FB45AC4BCE29D6F1D303E6AA /* ReminderListView.swift in Sources */,
				7B58720A1F8582EB21CFF2B0 /* ReminderRow.swift in Sources */,
				1F2B40211FA4BDB36F4BF354 /* RemindersService.swift in Sources */,
				8C5229251C840AC86777F228 /* RemindersViewModel.swift in Sources */,
				E63A34BE4BCA18BC8D5141E7 /* SettingsView.swift in Sources */,
				3158CE71FA4CDC8B9E0AE67C /* SnoozeUnit.swift in Sources */,
				7DD025B265A0ABC27C5BEFC6 /* SortedApp.swift in Sources */,
				126C06520A52B3B3B42F8C13 /* TopOrderCache.swift in Sources */,
				9C48DBDFA8D42F28FFE09062 /* TrainingLog.swift in Sources */,
				093AE4C19BFDB95D76954248 /* UrgencyScorer.swift in Sources */,
			);
			runOnlyForDeploymentPostprocessing = 0;
		};
		AB8AF5827930918C8689CD55 /* Sources */ = {
			isa = PBXSourcesBuildPhase;
			buildActionMask = 2147483647;
			files = (
				A4573FD3367C577F6B9F54EF /* ImportanceTiers.swift in Sources */,
				2E5051F41077D00480DA0239 /* MLXRanker.swift in Sources */,
				B8923F34F89036D272F2B2E4 /* MLXRankerTests.swift in Sources */,
				38031F975B6C718D7A616235 /* ReminderItem.swift in Sources */,
				A4E9C74BBA5F6E2765EFA151 /* UrgencyScorer.swift in Sources */,
				EE51C56A4C3D22C8F0BB51D4 /* UrgencyScorerTests.swift in Sources */,
			);
			runOnlyForDeploymentPostprocessing = 0;
		};
/* End PBXSourcesBuildPhase section */

/* Begin XCBuildConfiguration section */
		2F96C79625DFA7873E499C2C /* Debug */ = {
			isa = XCBuildConfiguration;
			buildSettings = {
				BUNDLE_LOADER = "$(TEST_HOST)";
				COMBINE_HIDPI_IMAGES = YES;
				GENERATE_INFOPLIST_FILE = YES;
				LD_RUNPATH_SEARCH_PATHS = (
					"$(inherited)",
					"@executable_path/../Frameworks",
					"@loader_path/../Frameworks",
				);
				MACOSX_DEPLOYMENT_TARGET = 26.0;
				PRODUCT_BUNDLE_IDENTIFIER = com.mattbryson.SortedTests;
				SDKROOT = macosx;
				SWIFT_ACTIVE_COMPILATION_CONDITIONS = SORTED_TESTS;
				SWIFT_VERSION = 6.0;
			};
			name = Debug;
		};
		385AF3C852D25564C88D9FAA /* Debug */ = {
			isa = XCBuildConfiguration;
			buildSettings = {
				ALWAYS_SEARCH_USER_PATHS = NO;
				CLANG_ANALYZER_NONNULL = YES;
				CLANG_ANALYZER_NUMBER_OBJECT_CONVERSION = YES_AGGRESSIVE;
				CLANG_CXX_LANGUAGE_STANDARD = "gnu++14";
				CLANG_CXX_LIBRARY = "libc++";
				CLANG_ENABLE_MODULES = YES;
				CLANG_ENABLE_OBJC_ARC = YES;
				CLANG_ENABLE_OBJC_WEAK = YES;
				CLANG_WARN_BLOCK_CAPTURE_AUTORELEASING = YES;
				CLANG_WARN_BOOL_CONVERSION = YES;
				CLANG_WARN_COMMA = YES;
				CLANG_WARN_CONSTANT_CONVERSION = YES;
				CLANG_WARN_DEPRECATED_OBJC_IMPLEMENTATIONS = YES;
				CLANG_WARN_DIRECT_OBJC_ISA_USAGE = YES_ERROR;
				CLANG_WARN_DOCUMENTATION_COMMENTS = YES;
				CLANG_WARN_EMPTY_BODY = YES;
				CLANG_WARN_ENUM_CONVERSION = YES;
				CLANG_WARN_INFINITE_RECURSION = YES;
				CLANG_WARN_INT_CONVERSION = YES;
				CLANG_WARN_NON_LITERAL_NULL_CONVERSION = YES;
				CLANG_WARN_OBJC_IMPLICIT_RETAIN_SELF = YES;
				CLANG_WARN_OBJC_LITERAL_CONVERSION = YES;
				CLANG_WARN_OBJC_ROOT_CLASS = YES_ERROR;
				CLANG_WARN_QUOTED_INCLUDE_IN_FRAMEWORK_HEADER = YES;
				CLANG_WARN_RANGE_LOOP_ANALYSIS = YES;
				CLANG_WARN_STRICT_PROTOTYPES = YES;
				CLANG_WARN_SUSPICIOUS_MOVE = YES;
				CLANG_WARN_UNGUARDED_AVAILABILITY = YES_AGGRESSIVE;
				CLANG_WARN_UNREACHABLE_CODE = YES;
				CLANG_WARN__DUPLICATE_METHOD_MATCH = YES;
				COPY_PHASE_STRIP = NO;
				DEBUG_INFORMATION_FORMAT = dwarf;
				ENABLE_STRICT_OBJC_MSGSEND = YES;
				ENABLE_TESTABILITY = YES;
				GCC_C_LANGUAGE_STANDARD = gnu11;
				GCC_DYNAMIC_NO_PIC = NO;
				GCC_NO_COMMON_BLOCKS = YES;
				GCC_OPTIMIZATION_LEVEL = 0;
				GCC_PREPROCESSOR_DEFINITIONS = (
					"$(inherited)",
					"DEBUG=1",
				);
				GCC_WARN_64_TO_32_BIT_CONVERSION = YES;
				GCC_WARN_ABOUT_RETURN_TYPE = YES_ERROR;
				GCC_WARN_UNDECLARED_SELECTOR = YES;
				GCC_WARN_UNINITIALIZED_AUTOS = YES_AGGRESSIVE;
				GCC_WARN_UNUSED_FUNCTION = YES;
				GCC_WARN_UNUSED_VARIABLE = YES;
				MACOSX_DEPLOYMENT_TARGET = 26.0;
				MTL_ENABLE_DEBUG_INFO = INCLUDE_SOURCE;
				MTL_FAST_MATH = YES;
				ONLY_ACTIVE_ARCH = YES;
				PRODUCT_NAME = "$(TARGET_NAME)";
				SDKROOT = macosx;
				SWIFT_ACTIVE_COMPILATION_CONDITIONS = DEBUG;
				SWIFT_OPTIMIZATION_LEVEL = "-Onone";
				SWIFT_VERSION = 5.0;
			};
			name = Debug;
		};
		5A72EB4F8D295A24CA4C883A /* Release */ = {
			isa = XCBuildConfiguration;
			buildSettings = {
				ASSETCATALOG_COMPILER_APPICON_NAME = AppIcon;
				ASSETCATALOG_COMPILER_GENERATE_ASSET_SYMBOLS = NO;
				CODE_SIGN_STYLE = Automatic;
				COMBINE_HIDPI_IMAGES = YES;
				CURRENT_PROJECT_VERSION = 1;
				DEVELOPMENT_TEAM = A9K8GZ46Y9;
				ENABLE_HARDENED_RUNTIME = YES;
				GENERATE_INFOPLIST_FILE = NO;
				INFOPLIST_FILE = Generated/Info.plist;
				LD_RUNPATH_SEARCH_PATHS = (
					"$(inherited)",
					"@executable_path/../Frameworks",
				);
				MACOSX_DEPLOYMENT_TARGET = 26.0;
				MARKETING_VERSION = 1.0;
				PRODUCT_BUNDLE_IDENTIFIER = com.mattbryson.Sorted;
				SDKROOT = macosx;
				SWIFT_VERSION = 6.0;
			};
			name = Release;
		};
		710627B7A6955A6DA8048B53 /* Release */ = {
			isa = XCBuildConfiguration;
			buildSettings = {
				ALWAYS_SEARCH_USER_PATHS = NO;
				CLANG_ANALYZER_NONNULL = YES;
				CLANG_ANALYZER_NUMBER_OBJECT_CONVERSION = YES_AGGRESSIVE;
				CLANG_CXX_LANGUAGE_STANDARD = "gnu++14";
				CLANG_CXX_LIBRARY = "libc++";
				CLANG_ENABLE_MODULES = YES;
				CLANG_ENABLE_OBJC_ARC = YES;
				CLANG_ENABLE_OBJC_WEAK = YES;
				CLANG_WARN_BLOCK_CAPTURE_AUTORELEASING = YES;
				CLANG_WARN_BOOL_CONVERSION = YES;
				CLANG_WARN_COMMA = YES;
				CLANG_WARN_CONSTANT_CONVERSION = YES;
				CLANG_WARN_DEPRECATED_OBJC_IMPLEMENTATIONS = YES;
				CLANG_WARN_DIRECT_OBJC_ISA_USAGE = YES_ERROR;
				CLANG_WARN_DOCUMENTATION_COMMENTS = YES;
				CLANG_WARN_EMPTY_BODY = YES;
				CLANG_WARN_ENUM_CONVERSION = YES;
				CLANG_WARN_INFINITE_RECURSION = YES;
				CLANG_WARN_INT_CONVERSION = YES;
				CLANG_WARN_NON_LITERAL_NULL_CONVERSION = YES;
				CLANG_WARN_OBJC_IMPLICIT_RETAIN_SELF = YES;
				CLANG_WARN_OBJC_LITERAL_CONVERSION = YES;
				CLANG_WARN_OBJC_ROOT_CLASS = YES_ERROR;
				CLANG_WARN_QUOTED_INCLUDE_IN_FRAMEWORK_HEADER = YES;
				CLANG_WARN_RANGE_LOOP_ANALYSIS = YES;
				CLANG_WARN_STRICT_PROTOTYPES = YES;
				CLANG_WARN_SUSPICIOUS_MOVE = YES;
				CLANG_WARN_UNGUARDED_AVAILABILITY = YES_AGGRESSIVE;
				CLANG_WARN_UNREACHABLE_CODE = YES;
				CLANG_WARN__DUPLICATE_METHOD_MATCH = YES;
				COPY_PHASE_STRIP = NO;
				DEBUG_INFORMATION_FORMAT = "dwarf-with-dsym";
				ENABLE_NS_ASSERTIONS = NO;
				ENABLE_STRICT_OBJC_MSGSEND = YES;
				GCC_C_LANGUAGE_STANDARD = gnu11;
				GCC_NO_COMMON_BLOCKS = YES;
				GCC_WARN_64_TO_32_BIT_CONVERSION = YES;
				GCC_WARN_ABOUT_RETURN_TYPE = YES_ERROR;
				GCC_WARN_UNDECLARED_SELECTOR = YES;
				GCC_WARN_UNINITIALIZED_AUTOS = YES_AGGRESSIVE;
				GCC_WARN_UNUSED_FUNCTION = YES;
				GCC_WARN_UNUSED_VARIABLE = YES;
				MACOSX_DEPLOYMENT_TARGET = 26.0;
				MTL_ENABLE_DEBUG_INFO = NO;
				MTL_FAST_MATH = YES;
				PRODUCT_NAME = "$(TARGET_NAME)";
				SDKROOT = macosx;
				SWIFT_COMPILATION_MODE = wholemodule;
				SWIFT_OPTIMIZATION_LEVEL = "-O";
				SWIFT_VERSION = 5.0;
			};
			name = Release;
		};
		753991C3669BAC238146B2AC /* Debug */ = {
			isa = XCBuildConfiguration;
			buildSettings = {
				ASSETCATALOG_COMPILER_APPICON_NAME = AppIcon;
				ASSETCATALOG_COMPILER_GENERATE_ASSET_SYMBOLS = NO;
				CODE_SIGN_STYLE = Automatic;
				COMBINE_HIDPI_IMAGES = YES;
				CURRENT_PROJECT_VERSION = 1;
				DEVELOPMENT_TEAM = A9K8GZ46Y9;
				ENABLE_HARDENED_RUNTIME = YES;
				GENERATE_INFOPLIST_FILE = NO;
				INFOPLIST_FILE = Generated/Info.plist;
				LD_RUNPATH_SEARCH_PATHS = (
					"$(inherited)",
					"@executable_path/../Frameworks",
				);
				MACOSX_DEPLOYMENT_TARGET = 26.0;
				MARKETING_VERSION = 1.0;
				PRODUCT_BUNDLE_IDENTIFIER = com.mattbryson.Sorted;
				SDKROOT = macosx;
				SWIFT_VERSION = 6.0;
			};
			name = Debug;
		};
		EDE3DA75CDC48D02AC6E7D09 /* Release */ = {
			isa = XCBuildConfiguration;
			buildSettings = {
				BUNDLE_LOADER = "$(TEST_HOST)";
				COMBINE_HIDPI_IMAGES = YES;
				GENERATE_INFOPLIST_FILE = YES;
				LD_RUNPATH_SEARCH_PATHS = (
					"$(inherited)",
					"@executable_path/../Frameworks",
					"@loader_path/../Frameworks",
				);
				MACOSX_DEPLOYMENT_TARGET = 26.0;
				PRODUCT_BUNDLE_IDENTIFIER = com.mattbryson.SortedTests;
				SDKROOT = macosx;
				SWIFT_ACTIVE_COMPILATION_CONDITIONS = SORTED_TESTS;
				SWIFT_VERSION = 6.0;
			};
			name = Release;
		};
/* End XCBuildConfiguration section */

/* Begin XCConfigurationList section */
		074A288056F7789BC30AEA91 /* Build configuration list for PBXNativeTarget "Sorted" */ = {
			isa = XCConfigurationList;
			buildConfigurations = (
				753991C3669BAC238146B2AC /* Debug */,
				5A72EB4F8D295A24CA4C883A /* Release */,
			);
			defaultConfigurationIsVisible = 0;
			defaultConfigurationName = Debug;
		};
		0CEE500B7C8E5F8BDB541404 /* Build configuration list for PBXNativeTarget "SortedTests" */ = {
			isa = XCConfigurationList;
			buildConfigurations = (
				2F96C79625DFA7873E499C2C /* Debug */,
				EDE3DA75CDC48D02AC6E7D09 /* Release */,
			);
			defaultConfigurationIsVisible = 0;
			defaultConfigurationName = Debug;
		};
		9CC856BDEF969BB097DFEF6F /* Build configuration list for PBXProject "Sorted" */ = {
			isa = XCConfigurationList;
			buildConfigurations = (
				385AF3C852D25564C88D9FAA /* Debug */,
				710627B7A6955A6DA8048B53 /* Release */,
			);
			defaultConfigurationIsVisible = 0;
			defaultConfigurationName = Debug;
		};
/* End XCConfigurationList section */

/* Begin XCRemoteSwiftPackageReference section */
		2BFAF8A17F1843290B2D5AC6 /* XCRemoteSwiftPackageReference "mlx-swift-examples" */ = {
			isa = XCRemoteSwiftPackageReference;
			repositoryURL = "https://github.com/ml-explore/mlx-swift-examples";
			requirement = {
				kind = upToNextMajorVersion;
				minimumVersion = 2.29.1;
			};
		};
		434B2B48792430EEE50EC640 /* XCRemoteSwiftPackageReference "swift-jinja" */ = {
			isa = XCRemoteSwiftPackageReference;
			repositoryURL = "https://github.com/huggingface/swift-jinja.git";
			requirement = {
				kind = revision;
				revision = c1ef5963ba4a97a589b9c9583ff4ee3352a86d23;
			};
		};
		75AC3073F6F1CD62BE3E8BD3 /* XCRemoteSwiftPackageReference "swift-transformers" */ = {
			isa = XCRemoteSwiftPackageReference;
			repositoryURL = "https://github.com/huggingface/swift-transformers";
			requirement = {
				kind = revision;
				revision = a2e184dddb4757bc943e77fbe99ac6786c53f0b2;
			};
		};
/* End XCRemoteSwiftPackageReference section */

/* Begin XCSwiftPackageProductDependency section */
		14C57C606C3531FFBA3AC7B3 /* MLXLMCommon */ = {
			isa = XCSwiftPackageProductDependency;
			package = 2BFAF8A17F1843290B2D5AC6 /* XCRemoteSwiftPackageReference "mlx-swift-examples" */;
			productName = MLXLMCommon;
		};
		349E14B64E353AE1944B942E /* MLXLLM */ = {
			isa = XCSwiftPackageProductDependency;
			package = 2BFAF8A17F1843290B2D5AC6 /* XCRemoteSwiftPackageReference "mlx-swift-examples" */;
			productName = MLXLLM;
		};
/* End XCSwiftPackageProductDependency section */
	};
	rootObject = E846D9CAA04B6175F3211A7B /* Project object */;
}
